
Microsoft Visual Studio Solution File, Format Version 12.00
# Visual Studio Version 16
VisualStudioVersion = 16.0.32002.261
MinimumVisualStudioVersion = 10.0.40219.1
Project("{9A19103F-16F7-4668-BE54-9A1E7A4F7556}") = "ch_02_01_예제", "ch_02_01_예제.csproj", "{AA74A4BF-6EBE-4F71-8855-FB093F2D5EDE}"
EndProject
Project("{9A19103F-16F7-4668-BE54-9A1E7A4F7556}") = "ch_02_01_연습문제", "..\ch_02_01_연습문제\ch_02_01_연습문제.csproj", "{F32CDF5C-B7E9-4FE8-B812-92D8D465FBEC}"
EndProject
Project("{2150E333-8FDC-42A3-9474-1A3956D46DE8}") = "ch_02", "ch_02", "{26B706BA-7B83-42DE-A620-08189639DCC5}"
EndProject
Project("{2150E333-8FDC-42A3-9474-1A3956D46DE8}") = "ch_03", "ch_03", "{E3EE0F24-6482-4D3E-BE72-1557C739EB52}"
EndProject
Project("{9A19103F-16F7-4668-BE54-9A1E7A4F7556}") = "ch_03_01_예제", "..\ch_03_01_예제\ch_03_01_예제.csproj", "{5BFEF06C-B154-4E35-B49A-3FC5AE0E8278}"
EndProject
Project("{9A19103F-16F7-4668-BE54-9A1E7A4F7556}") = "ch_03_01_비타민퀴즈", "..\ch_03_01_비타민퀴즈\ch_03_01_비타민퀴즈.csproj", "{99FDF4E1-35C0-4AB8-87EA-5869700D0317}"
EndProject
Project("{9A19103F-16F7-4668-BE54-9A1E7A4F7556}") = "ch_03_02_예제", "..\ch_03_02_예제\ch_03_02_예제.csproj", "{0CFC6A69-59ED-47F0-8408-E7EA9090FCAE}"
EndProject
Project("{9A19103F-16F7-4668-BE54-9A1E7A4F7556}") = "ch_03_03_예제", "..\ch_03_03_예제\ch_03_03_예제.csproj", "{A6649FED-5045-4FA6-A224-6E6D8C4205CE}"
EndProject
Project("{9A19103F-16F7-4668-BE54-9A1E7A4F7556}") = "ch_03_04_예제", "..\ch_03_04_예제\ch_03_04_예제.csproj", "{BD5F25EA-F13A-4B10-9451-7D2D073A1E78}"
EndProject
Project("{9A19103F-16F7-4668-BE54-9A1E7A4F7556}") = "ch_03_02_비타민퀴즈", "..\ch_03_02_비타민퀴즈\ch_03_02_비타민퀴즈.csproj", "{AE1BB5E0-BCFA-41B9-971C-14CD81BE5D90}"
EndProject
Project("{9A19103F-16F7-4668-BE54-9A1E7A4F7556}") = "ch_03_05_예제", "..\ch_03_05_예제\ch_03_05_예제.csproj", "{C19FE3A4-F591-4037-87FA-70BA4FBFA030}"
EndProject
Project("{9A19103F-16F7-4668-BE54-9A1E7A4F7556}") = "ch_03_06_예제", "..\ch_03_06_예제\ch_03_06_예제.csproj", "{11B16CA7-D103-4471-B019-AE3C7204EAA1}"
EndProject
Project("{9A19103F-16F7-4668-BE54-9A1E7A4F7556}") = "ch_03_07_예제", "..\ch_03_07_예제\ch_03_07_예제.csproj", "{F7630904-1837-406E-8568-E057789159B0}"
EndProject
Project("{9A19103F-16F7-4668-BE54-9A1E7A4F7556}") = "ch_03_08_예제", "..\ch_03_08_예제\ch_03_08_예제.csproj", "{3B829E41-DDB6-4CB4-BEF6-74ECF03B1F2F}"
EndProject
Project("{9A19103F-16F7-4668-BE54-9A1E7A4F7556}") = "ch_03_03_비타민퀴즈", "..\ch_03_03_비타민퀴즈\ch_03_03_비타민퀴즈.csproj", "{9FA871F2-6A3D-476C-813D-724788AA88AD}"
EndProject
Project("{9A19103F-16F7-4668-BE54-9A1E7A4F7556}") = "ch_03_09_예제", "..\ch_03_09_예제\ch_03_09_예제.csproj", "{6B24969A-AE20-4DD8-B3FA-AFA8B49A993E}"
EndProject
Project("{9A19103F-16F7-4668-BE54-9A1E7A4F7556}") = "ch_03_10_예제", "..\ch_03_10_예제\ch_03_10_예제.csproj", "{31C67082-E372-41E4-9098-A0120AA0F367}"
EndProject
Project("{9A19103F-16F7-4668-BE54-9A1E7A4F7556}") = "ch_03_11_예제", "..\ch_03_11_예제\ch_03_11_예제.csproj", "{3B7237D1-1D46-4D76-94DE-CA8A4ECD86CE}"
EndProject
Project("{9A19103F-16F7-4668-BE54-9A1E7A4F7556}") = "ch_03_12_예제", "..\ch_03_12_예제\ch_03_12_예제.csproj", "{8E4F3445-785F-4009-B76D-6C48660100D1}"
EndProject
Project("{9A19103F-16F7-4668-BE54-9A1E7A4F7556}") = "ch_03_13_예제", "..\ch_03_13_예제\ch_03_13_예제.csproj", "{258E1414-F938-4E31-BB7F-0E4388BFC924}"
EndProject
Project("{9A19103F-16F7-4668-BE54-9A1E7A4F7556}") = "ch_03_14_예제", "..\ch_03_14_예제\ch_03_14_예제.csproj", "{B39F08B0-F029-4905-B46B-FDE92DAD4C71}"
EndProject
Project("{9A19103F-16F7-4668-BE54-9A1E7A4F7556}") = "ch_03_15_예제", "..\ch_03_15_예제\ch_03_15_예제.csproj", "{95D61D2C-2D0F-4C30-B9F5-AC6967356B23}"
EndProject
Project("{9A19103F-16F7-4668-BE54-9A1E7A4F7556}") = "ch_03_16_예제", "..\ch_03_16_예제\ch_03_16_예제.csproj", "{24CA3E8B-9CD9-4393-94A9-AFED9B895AA4}"
EndProject
Project("{9A19103F-16F7-4668-BE54-9A1E7A4F7556}") = "ch_03_17_예제", "..\ch_03_17_예제\ch_03_17_예제.csproj", "{3ECC0C11-E6CF-440C-BFAA-6D29BC10D6B2}"
EndProject
Project("{9A19103F-16F7-4668-BE54-9A1E7A4F7556}") = "ch_03_17_예제_01", "..\ch_03_17_예제_01\ch_03_17_예제_01.csproj", "{35E3194E-0903-40FA-8AFD-1ED8C56D2CF4}"
EndProject
Project("{9A19103F-16F7-4668-BE54-9A1E7A4F7556}") = "ch_03_18_예제", "..\ch_03_18_예제\ch_03_18_예제.csproj", "{DE736020-02A1-42D1-B56C-2326E2E5F01E}"
EndProject
Project("{9A19103F-16F7-4668-BE54-9A1E7A4F7556}") = "ch_03_19_예제", "..\ch_03_19\ch_03_19_예제.csproj", "{1CF9ACDE-161F-4E5E-BF91-F1A985B557AE}"
EndProject
Project("{9A19103F-16F7-4668-BE54-9A1E7A4F7556}") = "ch_03_20_예제", "..\ch_03_20_예제\ch_03_20_예제.csproj", "{A632DAC3-D48D-42E9-B050-A27BA860C4E6}"
EndProject
Project("{9A19103F-16F7-4668-BE54-9A1E7A4F7556}") = "ch_03_21_예제", "..\ch_03_21_예제\ch_03_21_예제.csproj", "{3BFE0980-9A6A-44D3-A16B-0A7D0DF4A559}"
EndProject
Project("{FAE04EC0-301F-11D3-BF4B-00C04F79EFBC}") = "ch_03_22_예제", "..\ch_03_22_예제\ch_03_22_예제.csproj", "{F5C720B0-4825-4B1F-B13D-D8FCD4A2B4A0}"
EndProject
Project("{FAE04EC0-301F-11D3-BF4B-00C04F79EFBC}") = "ch_03_23_예제", "..\ch_03_23_예제\ch_03_23_예제.csproj", "{340EB1E0-12B4-4D85-967B-F8D1497D2A8A}"
EndProject
Project("{FAE04EC0-301F-11D3-BF4B-00C04F79EFBC}") = "ch_03_24_예제", "..\ch_03_24_예제\ch_03_24_예제.csproj", "{7D87A04C-87A0-4130-98AB-0497DD613775}"
EndProject
Project("{FAE04EC0-301F-11D3-BF4B-00C04F79EFBC}") = "ch_03_25_예제", "..\ch_03_25_예제\ch_03_25_예제.csproj", "{6FF12230-F096-418B-8AA3-E9E623488744}"
EndProject
Project("{FAE04EC0-301F-11D3-BF4B-00C04F79EFBC}") = "ch_03_26_예제", "..\ch_03_26_예제\ch_03_26_예제.csproj", "{A3DA9DF9-D0F6-4F8C-A327-9AD2CD73EEB1}"
EndProject
Project("{FAE04EC0-301F-11D3-BF4B-00C04F79EFBC}") = "ch_03_27_예제", "..\ch_03_27_예제\ch_03_27_예제.csproj", "{64703729-4303-4FDF-AD2C-6ECF6129AB65}"
EndProject
Project("{FAE04EC0-301F-11D3-BF4B-00C04F79EFBC}") = "ch_03_28_예제", "..\ch_03_28_예제\ch_03_28_예제.csproj", "{E2F29418-DF96-42B2-9212-94A4CDB29BC6}"
EndProject
Project("{FAE04EC0-301F-11D3-BF4B-00C04F79EFBC}") = "ch_03_29_예제", "..\ch_03_29_예제\ch_03_29_예제.csproj", "{92C6D11B-FC99-4CB9-BA2D-299035612915}"
EndProject
Project("{FAE04EC0-301F-11D3-BF4B-00C04F79EFBC}") = "ch_03_30_예제", "..\ch_03_30_예제\ch_03_30_예제.csproj", "{0417A32C-C6D3-450D-8BA4-25DFCD177944}"
EndProject
Project("{FAE04EC0-301F-11D3-BF4B-00C04F79EFBC}") = "ch_03_연습문제_01", "..\ch_03_연습문제_01\ch_03_연습문제_01.csproj", "{FC14BE39-A99D-4F96-95C1-E9C33FBFE939}"
EndProject
Project("{2150E333-8FDC-42A3-9474-1A3956D46DE8}") = "ch_04", "ch_04", "{C4BF149F-87B0-4F01-B33E-A9B25DDAF043}"
EndProject
Project("{FAE04EC0-301F-11D3-BF4B-00C04F79EFBC}") = "ch_04_01_예제", "..\ch_04_01_예제\ch_04_01_예제.csproj", "{A661A5BA-D87D-41DF-8D6C-27E43453925C}"
EndProject
Project("{FAE04EC0-301F-11D3-BF4B-00C04F79EFBC}") = "ch_04_02_예제", "..\ch_04_02_예제\ch_04_02_예제.csproj", "{9B8919B8-14AC-44C8-8519-8119832D3F62}"
EndProject
Project("{FAE04EC0-301F-11D3-BF4B-00C04F79EFBC}") = "ch_04_03_예제", "..\ch_04_03_예제\ch_04_03_예제.csproj", "{9A045881-5E0B-4B70-967B-2E316C479B06}"
EndProject
Project("{FAE04EC0-301F-11D3-BF4B-00C04F79EFBC}") = "ch_04_04_예제", "..\ch_04_04_예제\ch_04_04_예제.csproj", "{25B92BF7-BF8D-4973-8D4A-B9D739F07015}"
EndProject
Project("{FAE04EC0-301F-11D3-BF4B-00C04F79EFBC}") = "ch_04_05_예제", "..\ch_04_05_예제\ch_04_05_예제.csproj", "{89976033-1C50-4F2B-8E3D-DBF2FF55D19A}"
EndProject
Project("{FAE04EC0-301F-11D3-BF4B-00C04F79EFBC}") = "ch_04_06_예제", "..\ch_04_06_예제\ch_04_06_예제.csproj", "{2EB9418E-3EC0-4090-ADA5-87CA691C2E32}"
EndProject
Project("{FAE04EC0-301F-11D3-BF4B-00C04F79EFBC}") = "ch_04_07_예제_어려움", "..\ch_04_07_예제\ch_04_07_예제_어려움.csproj", "{A1964719-7AF0-4269-9BC0-C85535552185}"
EndProject
Project("{FAE04EC0-301F-11D3-BF4B-00C04F79EFBC}") = "ch_04_08_예제", "..\ch_04_08_예제\ch_04_08_예제.csproj", "{8C094EDB-2700-4BA1-A433-68955BD29427}"
EndProject
Project("{FAE04EC0-301F-11D3-BF4B-00C04F79EFBC}") = "ch_04_09_예제", "..\ch_04_09_예제\ch_04_09_예제.csproj", "{0B70F310-4D4D-4559-8CF0-9DCC9E4E9054}"
EndProject
Project("{FAE04EC0-301F-11D3-BF4B-00C04F79EFBC}") = "ch_04_10_예제", "..\ch_04_10_예제\ch_04_10_예제.csproj", "{8BDF9A1A-FEE8-47F0-B2A2-F8EB7A63CBB0}"
EndProject
Project("{FAE04EC0-301F-11D3-BF4B-00C04F79EFBC}") = "ch_04_11_예제", "..\ch_04_11_예제\ch_04_11_예제.csproj", "{C20B7448-475B-40C3-ADF0-BAA6B0FA0FA1}"
EndProject
Project("{2150E333-8FDC-42A3-9474-1A3956D46DE8}") = "ch_05", "ch_05", "{A4069C6A-D80A-4E24-9B04-C77DADF3DA23}"
EndProject
Project("{FAE04EC0-301F-11D3-BF4B-00C04F79EFBC}") = "ch_05_01_예제", "..\ch_05_01_예제\ch_05_01_예제.csproj", "{D4DE5B90-581E-4F5B-B2F1-EC5E11C37883}"
EndProject
Global
	GlobalSection(SolutionConfigurationPlatforms) = preSolution
		Debug|Any CPU = Debug|Any CPU
		Release|Any CPU = Release|Any CPU
	EndGlobalSection
	GlobalSection(ProjectConfigurationPlatforms) = postSolution
		{AA74A4BF-6EBE-4F71-8855-FB093F2D5EDE}.Debug|Any CPU.ActiveCfg = Debug|Any CPU
		{AA74A4BF-6EBE-4F71-8855-FB093F2D5EDE}.Debug|Any CPU.Build.0 = Debug|Any CPU
		{AA74A4BF-6EBE-4F71-8855-FB093F2D5EDE}.Release|Any CPU.ActiveCfg = Release|Any CPU
		{AA74A4BF-6EBE-4F71-8855-FB093F2D5EDE}.Release|Any CPU.Build.0 = Release|Any CPU
		{F32CDF5C-B7E9-4FE8-B812-92D8D465FBEC}.Debug|Any CPU.ActiveCfg = Debug|Any CPU
		{F32CDF5C-B7E9-4FE8-B812-92D8D465FBEC}.Debug|Any CPU.Build.0 = Debug|Any CPU
		{F32CDF5C-B7E9-4FE8-B812-92D8D465FBEC}.Release|Any CPU.ActiveCfg = Release|Any CPU
		{F32CDF5C-B7E9-4FE8-B812-92D8D465FBEC}.Release|Any CPU.Build.0 = Release|Any CPU
		{5BFEF06C-B154-4E35-B49A-3FC5AE0E8278}.Debug|Any CPU.ActiveCfg = Debug|Any CPU
		{5BFEF06C-B154-4E35-B49A-3FC5AE0E8278}.Debug|Any CPU.Build.0 = Debug|Any CPU
		{5BFEF06C-B154-4E35-B49A-3FC5AE0E8278}.Release|Any CPU.ActiveCfg = Release|Any CPU
		{5BFEF06C-B154-4E35-B49A-3FC5AE0E8278}.Release|Any CPU.Build.0 = Release|Any CPU
		{99FDF4E1-35C0-4AB8-87EA-5869700D0317}.Debug|Any CPU.ActiveCfg = Debug|Any CPU
		{99FDF4E1-35C0-4AB8-87EA-5869700D0317}.Debug|Any CPU.Build.0 = Debug|Any CPU
		{99FDF4E1-35C0-4AB8-87EA-5869700D0317}.Release|Any CPU.ActiveCfg = Release|Any CPU
		{99FDF4E1-35C0-4AB8-87EA-5869700D0317}.Release|Any CPU.Build.0 = Release|Any CPU
		{0CFC6A69-59ED-47F0-8408-E7EA9090FCAE}.Debug|Any CPU.ActiveCfg = Debug|Any CPU
		{0CFC6A69-59ED-47F0-8408-E7EA9090FCAE}.Debug|Any CPU.Build.0 = Debug|Any CPU
		{0CFC6A69-59ED-47F0-8408-E7EA9090FCAE}.Release|Any CPU.ActiveCfg = Release|Any CPU
		{0CFC6A69-59ED-47F0-8408-E7EA9090FCAE}.Release|Any CPU.Build.0 = Release|Any CPU
		{A6649FED-5045-4FA6-A224-6E6D8C4205CE}.Debug|Any CPU.ActiveCfg = Debug|Any CPU
		{A6649FED-5045-4FA6-A224-6E6D8C4205CE}.Debug|Any CPU.Build.0 = Debug|Any CPU
		{A6649FED-5045-4FA6-A224-6E6D8C4205CE}.Release|Any CPU.ActiveCfg = Release|Any CPU
		{A6649FED-5045-4FA6-A224-6E6D8C4205CE}.Release|Any CPU.Build.0 = Release|Any CPU
		{BD5F25EA-F13A-4B10-9451-7D2D073A1E78}.Debug|Any CPU.ActiveCfg = Debug|Any CPU
		{BD5F25EA-F13A-4B10-9451-7D2D073A1E78}.Debug|Any CPU.Build.0 = Debug|Any CPU
		{BD5F25EA-F13A-4B10-9451-7D2D073A1E78}.Release|Any CPU.ActiveCfg = Release|Any CPU
		{BD5F25EA-F13A-4B10-9451-7D2D073A1E78}.Release|Any CPU.Build.0 = Release|Any CPU
		{AE1BB5E0-BCFA-41B9-971C-14CD81BE5D90}.Debug|Any CPU.ActiveCfg = Debug|Any CPU
		{AE1BB5E0-BCFA-41B9-971C-14CD81BE5D90}.Debug|Any CPU.Build.0 = Debug|Any CPU
		{AE1BB5E0-BCFA-41B9-971C-14CD81BE5D90}.Release|Any CPU.ActiveCfg = Release|Any CPU
		{AE1BB5E0-BCFA-41B9-971C-14CD81BE5D90}.Release|Any CPU.Build.0 = Release|Any CPU
		{C19FE3A4-F591-4037-87FA-70BA4FBFA030}.Debug|Any CPU.ActiveCfg = Debug|Any CPU
		{C19FE3A4-F591-4037-87FA-70BA4FBFA030}.Debug|Any CPU.Build.0 = Debug|Any CPU
		{C19FE3A4-F591-4037-87FA-70BA4FBFA030}.Release|Any CPU.ActiveCfg = Release|Any CPU
		{C19FE3A4-F591-4037-87FA-70BA4FBFA030}.Release|Any CPU.Build.0 = Release|Any CPU
		{11B16CA7-D103-4471-B019-AE3C7204EAA1}.Debug|Any CPU.ActiveCfg = Debug|Any CPU
		{11B16CA7-D103-4471-B019-AE3C7204EAA1}.Debug|Any CPU.Build.0 = Debug|Any CPU
		{11B16CA7-D103-4471-B019-AE3C7204EAA1}.Release|Any CPU.ActiveCfg = Release|Any CPU
		{11B16CA7-D103-4471-B019-AE3C7204EAA1}.Release|Any CPU.Build.0 = Release|Any CPU
		{F7630904-1837-406E-8568-E057789159B0}.Debug|Any CPU.ActiveCfg = Debug|Any CPU
		{F7630904-1837-406E-8568-E057789159B0}.Debug|Any CPU.Build.0 = Debug|Any CPU
		{F7630904-1837-406E-8568-E057789159B0}.Release|Any CPU.ActiveCfg = Release|Any CPU
		{F7630904-1837-406E-8568-E057789159B0}.Release|Any CPU.Build.0 = Release|Any CPU
		{3B829E41-DDB6-4CB4-BEF6-74ECF03B1F2F}.Debug|Any CPU.ActiveCfg = Debug|Any CPU
		{3B829E41-DDB6-4CB4-BEF6-74ECF03B1F2F}.Debug|Any CPU.Build.0 = Debug|Any CPU
		{3B829E41-DDB6-4CB4-BEF6-74ECF03B1F2F}.Release|Any CPU.ActiveCfg = Release|Any CPU
		{3B829E41-DDB6-4CB4-BEF6-74ECF03B1F2F}.Release|Any CPU.Build.0 = Release|Any CPU
		{9FA871F2-6A3D-476C-813D-724788AA88AD}.Debug|Any CPU.ActiveCfg = Debug|Any CPU
		{9FA871F2-6A3D-476C-813D-724788AA88AD}.Debug|Any CPU.Build.0 = Debug|Any CPU
		{9FA871F2-6A3D-476C-813D-724788AA88AD}.Release|Any CPU.ActiveCfg = Release|Any CPU
		{9FA871F2-6A3D-476C-813D-724788AA88AD}.Release|Any CPU.Build.0 = Release|Any CPU
		{6B24969A-AE20-4DD8-B3FA-AFA8B49A993E}.Debug|Any CPU.ActiveCfg = Debug|Any CPU
		{6B24969A-AE20-4DD8-B3FA-AFA8B49A993E}.Debug|Any CPU.Build.0 = Debug|Any CPU
		{6B24969A-AE20-4DD8-B3FA-AFA8B49A993E}.Release|Any CPU.ActiveCfg = Release|Any CPU
		{6B24969A-AE20-4DD8-B3FA-AFA8B49A993E}.Release|Any CPU.Build.0 = Release|Any CPU
		{31C67082-E372-41E4-9098-A0120AA0F367}.Debug|Any CPU.ActiveCfg = Debug|Any CPU
		{31C67082-E372-41E4-9098-A0120AA0F367}.Debug|Any CPU.Build.0 = Debug|Any CPU
		{31C67082-E372-41E4-9098-A0120AA0F367}.Release|Any CPU.ActiveCfg = Release|Any CPU
		{31C67082-E372-41E4-9098-A0120AA0F367}.Release|Any CPU.Build.0 = Release|Any CPU
		{3B7237D1-1D46-4D76-94DE-CA8A4ECD86CE}.Debug|Any CPU.ActiveCfg = Debug|Any CPU
		{3B7237D1-1D46-4D76-94DE-CA8A4ECD86CE}.Debug|Any CPU.Build.0 = Debug|Any CPU
		{3B7237D1-1D46-4D76-94DE-CA8A4ECD86CE}.Release|Any CPU.ActiveCfg = Release|Any CPU
		{3B7237D1-1D46-4D76-94DE-CA8A4ECD86CE}.Release|Any CPU.Build.0 = Release|Any CPU
		{8E4F3445-785F-4009-B76D-6C48660100D1}.Debug|Any CPU.ActiveCfg = Debug|Any CPU
		{8E4F3445-785F-4009-B76D-6C48660100D1}.Debug|Any CPU.Build.0 = Debug|Any CPU
		{8E4F3445-785F-4009-B76D-6C48660100D1}.Release|Any CPU.ActiveCfg = Release|Any CPU
		{8E4F3445-785F-4009-B76D-6C48660100D1}.Release|Any CPU.Build.0 = Release|Any CPU
		{258E1414-F938-4E31-BB7F-0E4388BFC924}.Debug|Any CPU.ActiveCfg = Debug|Any CPU
		{258E1414-F938-4E31-BB7F-0E4388BFC924}.Debug|Any CPU.Build.0 = Debug|Any CPU
		{258E1414-F938-4E31-BB7F-0E4388BFC924}.Release|Any CPU.ActiveCfg = Release|Any CPU
		{258E1414-F938-4E31-BB7F-0E4388BFC924}.Release|Any CPU.Build.0 = Release|Any CPU
		{B39F08B0-F029-4905-B46B-FDE92DAD4C71}.Debug|Any CPU.ActiveCfg = Debug|Any CPU
		{B39F08B0-F029-4905-B46B-FDE92DAD4C71}.Debug|Any CPU.Build.0 = Debug|Any CPU
		{B39F08B0-F029-4905-B46B-FDE92DAD4C71}.Release|Any CPU.ActiveCfg = Release|Any CPU
		{B39F08B0-F029-4905-B46B-FDE92DAD4C71}.Release|Any CPU.Build.0 = Release|Any CPU
		{95D61D2C-2D0F-4C30-B9F5-AC6967356B23}.Debug|Any CPU.ActiveCfg = Debug|Any CPU
		{95D61D2C-2D0F-4C30-B9F5-AC6967356B23}.Debug|Any CPU.Build.0 = Debug|Any CPU
		{95D61D2C-2D0F-4C30-B9F5-AC6967356B23}.Release|Any CPU.ActiveCfg = Release|Any CPU
		{95D61D2C-2D0F-4C30-B9F5-AC6967356B23}.Release|Any CPU.Build.0 = Release|Any CPU
		{24CA3E8B-9CD9-4393-94A9-AFED9B895AA4}.Debug|Any CPU.ActiveCfg = Debug|Any CPU
		{24CA3E8B-9CD9-4393-94A9-AFED9B895AA4}.Debug|Any CPU.Build.0 = Debug|Any CPU
		{24CA3E8B-9CD9-4393-94A9-AFED9B895AA4}.Release|Any CPU.ActiveCfg = Release|Any CPU
		{24CA3E8B-9CD9-4393-94A9-AFED9B895AA4}.Release|Any CPU.Build.0 = Release|Any CPU
		{3ECC0C11-E6CF-440C-BFAA-6D29BC10D6B2}.Debug|Any CPU.ActiveCfg = Debug|Any CPU
		{3ECC0C11-E6CF-440C-BFAA-6D29BC10D6B2}.Debug|Any CPU.Build.0 = Debug|Any CPU
		{3ECC0C11-E6CF-440C-BFAA-6D29BC10D6B2}.Release|Any CPU.ActiveCfg = Release|Any CPU
		{3ECC0C11-E6CF-440C-BFAA-6D29BC10D6B2}.Release|Any CPU.Build.0 = Release|Any CPU
		{35E3194E-0903-40FA-8AFD-1ED8C56D2CF4}.Debug|Any CPU.ActiveCfg = Debug|Any CPU
		{35E3194E-0903-40FA-8AFD-1ED8C56D2CF4}.Debug|Any CPU.Build.0 = Debug|Any CPU
		{35E3194E-0903-40FA-8AFD-1ED8C56D2CF4}.Release|Any CPU.ActiveCfg = Release|Any CPU
		{35E3194E-0903-40FA-8AFD-1ED8C56D2CF4}.Release|Any CPU.Build.0 = Release|Any CPU
		{DE736020-02A1-42D1-B56C-2326E2E5F01E}.Debug|Any CPU.ActiveCfg = Debug|Any CPU
		{DE736020-02A1-42D1-B56C-2326E2E5F01E}.Debug|Any CPU.Build.0 = Debug|Any CPU
		{DE736020-02A1-42D1-B56C-2326E2E5F01E}.Release|Any CPU.ActiveCfg = Release|Any CPU
		{DE736020-02A1-42D1-B56C-2326E2E5F01E}.Release|Any CPU.Build.0 = Release|Any CPU
		{1CF9ACDE-161F-4E5E-BF91-F1A985B557AE}.Debug|Any CPU.ActiveCfg = Debug|Any CPU
		{1CF9ACDE-161F-4E5E-BF91-F1A985B557AE}.Debug|Any CPU.Build.0 = Debug|Any CPU
		{1CF9ACDE-161F-4E5E-BF91-F1A985B557AE}.Release|Any CPU.ActiveCfg = Release|Any CPU
		{1CF9ACDE-161F-4E5E-BF91-F1A985B557AE}.Release|Any CPU.Build.0 = Release|Any CPU
		{A632DAC3-D48D-42E9-B050-A27BA860C4E6}.Debug|Any CPU.ActiveCfg = Debug|Any CPU
		{A632DAC3-D48D-42E9-B050-A27BA860C4E6}.Debug|Any CPU.Build.0 = Debug|Any CPU
		{A632DAC3-D48D-42E9-B050-A27BA860C4E6}.Release|Any CPU.ActiveCfg = Release|Any CPU
		{A632DAC3-D48D-42E9-B050-A27BA860C4E6}.Release|Any CPU.Build.0 = Release|Any CPU
		{3BFE0980-9A6A-44D3-A16B-0A7D0DF4A559}.Debug|Any CPU.ActiveCfg = Debug|Any CPU
		{3BFE0980-9A6A-44D3-A16B-0A7D0DF4A559}.Debug|Any CPU.Build.0 = Debug|Any CPU
		{3BFE0980-9A6A-44D3-A16B-0A7D0DF4A559}.Release|Any CPU.ActiveCfg = Release|Any CPU
		{3BFE0980-9A6A-44D3-A16B-0A7D0DF4A559}.Release|Any CPU.Build.0 = Release|Any CPU
		{F5C720B0-4825-4B1F-B13D-D8FCD4A2B4A0}.Debug|Any CPU.ActiveCfg = Debug|Any CPU
		{F5C720B0-4825-4B1F-B13D-D8FCD4A2B4A0}.Debug|Any CPU.Build.0 = Debug|Any CPU
		{F5C720B0-4825-4B1F-B13D-D8FCD4A2B4A0}.Release|Any CPU.ActiveCfg = Release|Any CPU
		{F5C720B0-4825-4B1F-B13D-D8FCD4A2B4A0}.Release|Any CPU.Build.0 = Release|Any CPU
		{340EB1E0-12B4-4D85-967B-F8D1497D2A8A}.Debug|Any CPU.ActiveCfg = Debug|Any CPU
		{340EB1E0-12B4-4D85-967B-F8D1497D2A8A}.Debug|Any CPU.Build.0 = Debug|Any CPU
		{340EB1E0-12B4-4D85-967B-F8D1497D2A8A}.Release|Any CPU.ActiveCfg = Release|Any CPU
		{340EB1E0-12B4-4D85-967B-F8D1497D2A8A}.Release|Any CPU.Build.0 = Release|Any CPU
		{7D87A04C-87A0-4130-98AB-0497DD613775}.Debug|Any CPU.ActiveCfg = Debug|Any CPU
		{7D87A04C-87A0-4130-98AB-0497DD613775}.Debug|Any CPU.Build.0 = Debug|Any CPU
		{7D87A04C-87A0-4130-98AB-0497DD613775}.Release|Any CPU.ActiveCfg = Release|Any CPU
		{7D87A04C-87A0-4130-98AB-0497DD613775}.Release|Any CPU.Build.0 = Release|Any CPU
		{6FF12230-F096-418B-8AA3-E9E623488744}.Debug|Any CPU.ActiveCfg = Debug|Any CPU
		{6FF12230-F096-418B-8AA3-E9E623488744}.Debug|Any CPU.Build.0 = Debug|Any CPU
		{6FF12230-F096-418B-8AA3-E9E623488744}.Release|Any CPU.ActiveCfg = Release|Any CPU
		{6FF12230-F096-418B-8AA3-E9E623488744}.Release|Any CPU.Build.0 = Release|Any CPU
		{A3DA9DF9-D0F6-4F8C-A327-9AD2CD73EEB1}.Debug|Any CPU.ActiveCfg = Debug|Any CPU
		{A3DA9DF9-D0F6-4F8C-A327-9AD2CD73EEB1}.Debug|Any CPU.Build.0 = Debug|Any CPU
		{A3DA9DF9-D0F6-4F8C-A327-9AD2CD73EEB1}.Release|Any CPU.ActiveCfg = Release|Any CPU
		{A3DA9DF9-D0F6-4F8C-A327-9AD2CD73EEB1}.Release|Any CPU.Build.0 = Release|Any CPU
		{64703729-4303-4FDF-AD2C-6ECF6129AB65}.Debug|Any CPU.ActiveCfg = Debug|Any CPU
		{64703729-4303-4FDF-AD2C-6ECF6129AB65}.Debug|Any CPU.Build.0 = Debug|Any CPU
		{64703729-4303-4FDF-AD2C-6ECF6129AB65}.Release|Any CPU.ActiveCfg = Release|Any CPU
		{64703729-4303-4FDF-AD2C-6ECF6129AB65}.Release|Any CPU.Build.0 = Release|Any CPU
		{E2F29418-DF96-42B2-9212-94A4CDB29BC6}.Debug|Any CPU.ActiveCfg = Debug|Any CPU
		{E2F29418-DF96-42B2-9212-94A4CDB29BC6}.Debug|Any CPU.Build.0 = Debug|Any CPU
		{E2F29418-DF96-42B2-9212-94A4CDB29BC6}.Release|Any CPU.ActiveCfg = Release|Any CPU
		{E2F29418-DF96-42B2-9212-94A4CDB29BC6}.Release|Any CPU.Build.0 = Release|Any CPU
		{92C6D11B-FC99-4CB9-BA2D-299035612915}.Debug|Any CPU.ActiveCfg = Debug|Any CPU
		{92C6D11B-FC99-4CB9-BA2D-299035612915}.Debug|Any CPU.Build.0 = Debug|Any CPU
		{92C6D11B-FC99-4CB9-BA2D-299035612915}.Release|Any CPU.ActiveCfg = Release|Any CPU
		{92C6D11B-FC99-4CB9-BA2D-299035612915}.Release|Any CPU.Build.0 = Release|Any CPU
		{0417A32C-C6D3-450D-8BA4-25DFCD177944}.Debug|Any CPU.ActiveCfg = Debug|Any CPU
		{0417A32C-C6D3-450D-8BA4-25DFCD177944}.Debug|Any CPU.Build.0 = Debug|Any CPU
		{0417A32C-C6D3-450D-8BA4-25DFCD177944}.Release|Any CPU.ActiveCfg = Release|Any CPU
		{0417A32C-C6D3-450D-8BA4-25DFCD177944}.Release|Any CPU.Build.0 = Release|Any CPU
		{FC14BE39-A99D-4F96-95C1-E9C33FBFE939}.Debug|Any CPU.ActiveCfg = Debug|Any CPU
		{FC14BE39-A99D-4F96-95C1-E9C33FBFE939}.Debug|Any CPU.Build.0 = Debug|Any CPU
		{FC14BE39-A99D-4F96-95C1-E9C33FBFE939}.Release|Any CPU.ActiveCfg = Release|Any CPU
		{FC14BE39-A99D-4F96-95C1-E9C33FBFE939}.Release|Any CPU.Build.0 = Release|Any CPU
		{A661A5BA-D87D-41DF-8D6C-27E43453925C}.Debug|Any CPU.ActiveCfg = Debug|Any CPU
		{A661A5BA-D87D-41DF-8D6C-27E43453925C}.Debug|Any CPU.Build.0 = Debug|Any CPU
		{A661A5BA-D87D-41DF-8D6C-27E43453925C}.Release|Any CPU.ActiveCfg = Release|Any CPU
		{A661A5BA-D87D-41DF-8D6C-27E43453925C}.Release|Any CPU.Build.0 = Release|Any CPU
		{9B8919B8-14AC-44C8-8519-8119832D3F62}.Debug|Any CPU.ActiveCfg = Debug|Any CPU
		{9B8919B8-14AC-44C8-8519-8119832D3F62}.Debug|Any CPU.Build.0 = Debug|Any CPU
		{9B8919B8-14AC-44C8-8519-8119832D3F62}.Release|Any CPU.ActiveCfg = Release|Any CPU
		{9B8919B8-14AC-44C8-8519-8119832D3F62}.Release|Any CPU.Build.0 = Release|Any CPU
		{9A045881-5E0B-4B70-967B-2E316C479B06}.Debug|Any CPU.ActiveCfg = Debug|Any CPU
		{9A045881-5E0B-4B70-967B-2E316C479B06}.Debug|Any CPU.Build.0 = Debug|Any CPU
		{9A045881-5E0B-4B70-967B-2E316C479B06}.Release|Any CPU.ActiveCfg = Release|Any CPU
		{9A045881-5E0B-4B70-967B-2E316C479B06}.Release|Any CPU.Build.0 = Release|Any CPU
		{25B92BF7-BF8D-4973-8D4A-B9D739F07015}.Debug|Any CPU.ActiveCfg = Debug|Any CPU
		{25B92BF7-BF8D-4973-8D4A-B9D739F07015}.Debug|Any CPU.Build.0 = Debug|Any CPU
		{25B92BF7-BF8D-4973-8D4A-B9D739F07015}.Release|Any CPU.ActiveCfg = Release|Any CPU
		{25B92BF7-BF8D-4973-8D4A-B9D739F07015}.Release|Any CPU.Build.0 = Release|Any CPU
		{89976033-1C50-4F2B-8E3D-DBF2FF55D19A}.Debug|Any CPU.ActiveCfg = Debug|Any CPU
		{89976033-1C50-4F2B-8E3D-DBF2FF55D19A}.Debug|Any CPU.Build.0 = Debug|Any CPU
		{89976033-1C50-4F2B-8E3D-DBF2FF55D19A}.Release|Any CPU.ActiveCfg = Release|Any CPU
		{89976033-1C50-4F2B-8E3D-DBF2FF55D19A}.Release|Any CPU.Build.0 = Release|Any CPU
		{2EB9418E-3EC0-4090-ADA5-87CA691C2E32}.Debug|Any CPU.ActiveCfg = Debug|Any CPU
		{2EB9418E-3EC0-4090-ADA5-87CA691C2E32}.Debug|Any CPU.Build.0 = Debug|Any CPU
		{2EB9418E-3EC0-4090-ADA5-87CA691C2E32}.Release|Any CPU.ActiveCfg = Release|Any CPU
		{2EB9418E-3EC0-4090-ADA5-87CA691C2E32}.Release|Any CPU.Build.0 = Release|Any CPU
		{A1964719-7AF0-4269-9BC0-C85535552185}.Debug|Any CPU.ActiveCfg = Debug|Any CPU
		{A1964719-7AF0-4269-9BC0-C85535552185}.Debug|Any CPU.Build.0 = Debug|Any CPU
		{A1964719-7AF0-4269-9BC0-C85535552185}.Release|Any CPU.ActiveCfg = Release|Any CPU
		{A1964719-7AF0-4269-9BC0-C85535552185}.Release|Any CPU.Build.0 = Release|Any CPU
		{8C094EDB-2700-4BA1-A433-68955BD29427}.Debug|Any CPU.ActiveCfg = Debug|Any CPU
		{8C094EDB-2700-4BA1-A433-68955BD29427}.Debug|Any CPU.Build.0 = Debug|Any CPU
		{8C094EDB-2700-4BA1-A433-68955BD29427}.Release|Any CPU.ActiveCfg = Release|Any CPU
		{8C094EDB-2700-4BA1-A433-68955BD29427}.Release|Any CPU.Build.0 = Release|Any CPU
		{0B70F310-4D4D-4559-8CF0-9DCC9E4E9054}.Debug|Any CPU.ActiveCfg = Debug|Any CPU
		{0B70F310-4D4D-4559-8CF0-9DCC9E4E9054}.Debug|Any CPU.Build.0 = Debug|Any CPU
		{0B70F310-4D4D-4559-8CF0-9DCC9E4E9054}.Release|Any CPU.ActiveCfg = Release|Any CPU
		{0B70F310-4D4D-4559-8CF0-9DCC9E4E9054}.Release|Any CPU.Build.0 = Release|Any CPU
		{8BDF9A1A-FEE8-47F0-B2A2-F8EB7A63CBB0}.Debug|Any CPU.ActiveCfg = Debug|Any CPU
		{8BDF9A1A-FEE8-47F0-B2A2-F8EB7A63CBB0}.Debug|Any CPU.Build.0 = Debug|Any CPU
		{8BDF9A1A-FEE8-47F0-B2A2-F8EB7A63CBB0}.Release|Any CPU.ActiveCfg = Release|Any CPU
		{8BDF9A1A-FEE8-47F0-B2A2-F8EB7A63CBB0}.Release|Any CPU.Build.0 = Release|Any CPU
		{C20B7448-475B-40C3-ADF0-BAA6B0FA0FA1}.Debug|Any CPU.ActiveCfg = Debug|Any CPU
		{C20B7448-475B-40C3-ADF0-BAA6B0FA0FA1}.Debug|Any CPU.Build.0 = Debug|Any CPU
		{C20B7448-475B-40C3-ADF0-BAA6B0FA0FA1}.Release|Any CPU.ActiveCfg = Release|Any CPU
		{C20B7448-475B-40C3-ADF0-BAA6B0FA0FA1}.Release|Any CPU.Build.0 = Release|Any CPU
		{D4DE5B90-581E-4F5B-B2F1-EC5E11C37883}.Debug|Any CPU.ActiveCfg = Debug|Any CPU
		{D4DE5B90-581E-4F5B-B2F1-EC5E11C37883}.Debug|Any CPU.Build.0 = Debug|Any CPU
		{D4DE5B90-581E-4F5B-B2F1-EC5E11C37883}.Release|Any CPU.ActiveCfg = Release|Any CPU
		{D4DE5B90-581E-4F5B-B2F1-EC5E11C37883}.Release|Any CPU.Build.0 = Release|Any CPU
	EndGlobalSection
	GlobalSection(SolutionProperties) = preSolution
		HideSolutionNode = FALSE
	EndGlobalSection
	GlobalSection(NestedProjects) = preSolution
		{AA74A4BF-6EBE-4F71-8855-FB093F2D5EDE} = {26B706BA-7B83-42DE-A620-08189639DCC5}
		{F32CDF5C-B7E9-4FE8-B812-92D8D465FBEC} = {26B706BA-7B83-42DE-A620-08189639DCC5}
		{5BFEF06C-B154-4E35-B49A-3FC5AE0E8278} = {E3EE0F24-6482-4D3E-BE72-1557C739EB52}
		{99FDF4E1-35C0-4AB8-87EA-5869700D0317} = {E3EE0F24-6482-4D3E-BE72-1557C739EB52}
		{0CFC6A69-59ED-47F0-8408-E7EA9090FCAE} = {E3EE0F24-6482-4D3E-BE72-1557C739EB52}
		{A6649FED-5045-4FA6-A224-6E6D8C4205CE} = {E3EE0F24-6482-4D3E-BE72-1557C739EB52}
		{BD5F25EA-F13A-4B10-9451-7D2D073A1E78} = {E3EE0F24-6482-4D3E-BE72-1557C739EB52}
		{AE1BB5E0-BCFA-41B9-971C-14CD81BE5D90} = {E3EE0F24-6482-4D3E-BE72-1557C739EB52}
		{C19FE3A4-F591-4037-87FA-70BA4FBFA030} = {E3EE0F24-6482-4D3E-BE72-1557C739EB52}
		{11B16CA7-D103-4471-B019-AE3C7204EAA1} = {E3EE0F24-6482-4D3E-BE72-1557C739EB52}
		{F7630904-1837-406E-8568-E057789159B0} = {E3EE0F24-6482-4D3E-BE72-1557C739EB52}
		{3B829E41-DDB6-4CB4-BEF6-74ECF03B1F2F} = {E3EE0F24-6482-4D3E-BE72-1557C739EB52}
		{9FA871F2-6A3D-476C-813D-724788AA88AD} = {E3EE0F24-6482-4D3E-BE72-1557C739EB52}
		{6B24969A-AE20-4DD8-B3FA-AFA8B49A993E} = {E3EE0F24-6482-4D3E-BE72-1557C739EB52}
		{31C67082-E372-41E4-9098-A0120AA0F367} = {E3EE0F24-6482-4D3E-BE72-1557C739EB52}
		{3B7237D1-1D46-4D76-94DE-CA8A4ECD86CE} = {E3EE0F24-6482-4D3E-BE72-1557C739EB52}
		{8E4F3445-785F-4009-B76D-6C48660100D1} = {E3EE0F24-6482-4D3E-BE72-1557C739EB52}
		{258E1414-F938-4E31-BB7F-0E4388BFC924} = {E3EE0F24-6482-4D3E-BE72-1557C739EB52}
		{B39F08B0-F029-4905-B46B-FDE92DAD4C71} = {E3EE0F24-6482-4D3E-BE72-1557C739EB52}
		{95D61D2C-2D0F-4C30-B9F5-AC6967356B23} = {E3EE0F24-6482-4D3E-BE72-1557C739EB52}
		{24CA3E8B-9CD9-4393-94A9-AFED9B895AA4} = {E3EE0F24-6482-4D3E-BE72-1557C739EB52}
		{3ECC0C11-E6CF-440C-BFAA-6D29BC10D6B2} = {E3EE0F24-6482-4D3E-BE72-1557C739EB52}
		{35E3194E-0903-40FA-8AFD-1ED8C56D2CF4} = {E3EE0F24-6482-4D3E-BE72-1557C739EB52}
		{DE736020-02A1-42D1-B56C-2326E2E5F01E} = {E3EE0F24-6482-4D3E-BE72-1557C739EB52}
		{1CF9ACDE-161F-4E5E-BF91-F1A985B557AE} = {E3EE0F24-6482-4D3E-BE72-1557C739EB52}
		{A632DAC3-D48D-42E9-B050-A27BA860C4E6} = {E3EE0F24-6482-4D3E-BE72-1557C739EB52}
		{3BFE0980-9A6A-44D3-A16B-0A7D0DF4A559} = {E3EE0F24-6482-4D3E-BE72-1557C739EB52}
		{F5C720B0-4825-4B1F-B13D-D8FCD4A2B4A0} = {E3EE0F24-6482-4D3E-BE72-1557C739EB52}
		{340EB1E0-12B4-4D85-967B-F8D1497D2A8A} = {E3EE0F24-6482-4D3E-BE72-1557C739EB52}
		{7D87A04C-87A0-4130-98AB-0497DD613775} = {E3EE0F24-6482-4D3E-BE72-1557C739EB52}
		{6FF12230-F096-418B-8AA3-E9E623488744} = {E3EE0F24-6482-4D3E-BE72-1557C739EB52}
		{A3DA9DF9-D0F6-4F8C-A327-9AD2CD73EEB1} = {E3EE0F24-6482-4D3E-BE72-1557C739EB52}
		{64703729-4303-4FDF-AD2C-6ECF6129AB65} = {E3EE0F24-6482-4D3E-BE72-1557C739EB52}
		{E2F29418-DF96-42B2-9212-94A4CDB29BC6} = {E3EE0F24-6482-4D3E-BE72-1557C739EB52}
		{92C6D11B-FC99-4CB9-BA2D-299035612915} = {E3EE0F24-6482-4D3E-BE72-1557C739EB52}
		{0417A32C-C6D3-450D-8BA4-25DFCD177944} = {E3EE0F24-6482-4D3E-BE72-1557C739EB52}
		{FC14BE39-A99D-4F96-95C1-E9C33FBFE939} = {E3EE0F24-6482-4D3E-BE72-1557C739EB52}
		{A661A5BA-D87D-41DF-8D6C-27E43453925C} = {C4BF149F-87B0-4F01-B33E-A9B25DDAF043}
		{9B8919B8-14AC-44C8-8519-8119832D3F62} = {C4BF149F-87B0-4F01-B33E-A9B25DDAF043}
		{9A045881-5E0B-4B70-967B-2E316C479B06} = {C4BF149F-87B0-4F01-B33E-A9B25DDAF043}
		{25B92BF7-BF8D-4973-8D4A-B9D739F07015} = {C4BF149F-87B0-4F01-B33E-A9B25DDAF043}
		{89976033-1C50-4F2B-8E3D-DBF2FF55D19A} = {C4BF149F-87B0-4F01-B33E-A9B25DDAF043}
		{2EB9418E-3EC0-4090-ADA5-87CA691C2E32} = {C4BF149F-87B0-4F01-B33E-A9B25DDAF043}
		{A1964719-7AF0-4269-9BC0-C85535552185} = {C4BF149F-87B0-4F01-B33E-A9B25DDAF043}
		{8C094EDB-2700-4BA1-A433-68955BD29427} = {C4BF149F-87B0-4F01-B33E-A9B25DDAF043}
		{0B70F310-4D4D-4559-8CF0-9DCC9E4E9054} = {C4BF149F-87B0-4F01-B33E-A9B25DDAF043}
		{8BDF9A1A-FEE8-47F0-B2A2-F8EB7A63CBB0} = {C4BF149F-87B0-4F01-B33E-A9B25DDAF043}
		{C20B7448-475B-40C3-ADF0-BAA6B0FA0FA1} = {C4BF149F-87B0-4F01-B33E-A9B25DDAF043}
		{D4DE5B90-581E-4F5B-B2F1-EC5E11C37883} = {A4069C6A-D80A-4E24-9B04-C77DADF3DA23}
	EndGlobalSection
	GlobalSection(ExtensibilityGlobals) = postSolution
		SolutionGuid = {7F86A8E1-D5D3-49C9-A00F-05F44C495506}
	EndGlobalSection
EndGlobal
