
Microsoft Visual Studio Solution File, Format Version 12.00
# Visual Studio Version 16
VisualStudioVersion = 16.0.32002.261
MinimumVisualStudioVersion = 10.0.40219.1
Project("{9A19103F-16F7-4668-BE54-9A1E7A4F7556}") = "ch_02_01_예제", "ch_02_01_예제.csproj", "{AA74A4BF-6EBE-4F71-8855-FB093F2D5EDE}"
EndProject
Project("{9A19103F-16F7-4668-BE54-9A1E7A4F7556}") = "ch_02_01_연습문제", "..\ch_02_01_연습문제\ch_02_01_연습문제.csproj", "{F32CDF5C-B7E9-4FE8-B812-92D8D465FBEC}"
EndProject
Project("{2150E333-8FDC-42A3-9474-1A3956D46DE8}") = "ch_02", "ch_02", "{26B706BA-7B83-42DE-A620-08189639DCC5}"
EndProject
Project("{2150E333-8FDC-42A3-9474-1A3956D46DE8}") = "ch_03", "ch_03", "{E3EE0F24-6482-4D3E-BE72-1557C739EB52}"
EndProject
Project("{9A19103F-16F7-4668-BE54-9A1E7A4F7556}") = "ch_03_01_예제", "..\ch_03_01_예제\ch_03_01_예제.csproj", "{5BFEF06C-B154-4E35-B49A-3FC5AE0E8278}"
EndProject
Project("{9A19103F-16F7-4668-BE54-9A1E7A4F7556}") = "ch_03_01_비타민퀴즈", "..\ch_03_01_비타민퀴즈\ch_03_01_비타민퀴즈.csproj", "{99FDF4E1-35C0-4AB8-87EA-5869700D0317}"
EndProject
Project("{9A19103F-16F7-4668-BE54-9A1E7A4F7556}") = "ch_03_02_예제", "..\ch_03_02_예제\ch_03_02_예제.csproj", "{0CFC6A69-59ED-47F0-8408-E7EA9090FCAE}"
EndProject
Project("{9A19103F-16F7-4668-BE54-9A1E7A4F7556}") = "ch_03_03_예제", "..\ch_03_03_예제\ch_03_03_예제.csproj", "{A6649FED-5045-4FA6-A224-6E6D8C4205CE}"
EndProject
Project("{9A19103F-16F7-4668-BE54-9A1E7A4F7556}") = "ch_03_04_예제", "..\ch_03_04_예제\ch_03_04_예제.csproj", "{BD5F25EA-F13A-4B10-9451-7D2D073A1E78}"
EndProject
Project("{9A19103F-16F7-4668-BE54-9A1E7A4F7556}") = "ch_03_02_비타민퀴즈", "..\ch_03_02_비타민퀴즈\ch_03_02_비타민퀴즈.csproj", "{AE1BB5E0-BCFA-41B9-971C-14CD81BE5D90}"
EndProject
Project("{9A19103F-16F7-4668-BE54-9A1E7A4F7556}") = "ch_03_05_예제", "..\ch_03_05_예제\ch_03_05_예제.csproj", "{C19FE3A4-F591-4037-87FA-70BA4FBFA030}"
EndProject
Project("{9A19103F-16F7-4668-BE54-9A1E7A4F7556}") = "ch_03_06_예제", "..\ch_03_06_예제\ch_03_06_예제.csproj", "{11B16CA7-D103-4471-B019-AE3C7204EAA1}"
EndProject
Project("{9A19103F-16F7-4668-BE54-9A1E7A4F7556}") = "ch_03_07_예제", "..\ch_03_07_예제\ch_03_07_예제.csproj", "{F7630904-1837-406E-8568-E057789159B0}"
EndProject
Project("{9A19103F-16F7-4668-BE54-9A1E7A4F7556}") = "ch_03_08_예제", "..\ch_03_08_예제\ch_03_08_예제.csproj", "{3B829E41-DDB6-4CB4-BEF6-74ECF03B1F2F}"
EndProject
Project("{9A19103F-16F7-4668-BE54-9A1E7A4F7556}") = "ch_03_03_비타민퀴즈", "..\ch_03_03_비타민퀴즈\ch_03_03_비타민퀴즈.csproj", "{9FA871F2-6A3D-476C-813D-724788AA88AD}"
EndProject
Project("{9A19103F-16F7-4668-BE54-9A1E7A4F7556}") = "ch_03_09_예제", "..\ch_03_09_예제\ch_03_09_예제.csproj", "{6B24969A-AE20-4DD8-B3FA-AFA8B49A993E}"
EndProject
Project("{9A19103F-16F7-4668-BE54-9A1E7A4F7556}") = "ch_03_10_예제", "..\ch_03_10_예제\ch_03_10_예제.csproj", "{31C67082-E372-41E4-9098-A0120AA0F367}"
EndProject
Project("{9A19103F-16F7-4668-BE54-9A1E7A4F7556}") = "ch_03_11_예제", "..\ch_03_11_예제\ch_03_11_예제.csproj", "{3B7237D1-1D46-4D76-94DE-CA8A4ECD86CE}"
EndProject
Project("{9A19103F-16F7-4668-BE54-9A1E7A4F7556}") = "ch_03_12_예제", "..\ch_03_12_예제\ch_03_12_예제.csproj", "{8E4F3445-785F-4009-B76D-6C48660100D1}"
EndProject
Project("{9A19103F-16F7-4668-BE54-9A1E7A4F7556}") = "ch_03_13_예제", "..\ch_03_13_예제\ch_03_13_예제.csproj", "{258E1414-F938-4E31-BB7F-0E4388BFC924}"
EndProject
Project("{9A19103F-16F7-4668-BE54-9A1E7A4F7556}") = "ch_03_14_예제", "..\ch_03_14_예제\ch_03_14_예제.csproj", "{B39F08B0-F029-4905-B46B-FDE92DAD4C71}"
EndProject
Project("{9A19103F-16F7-4668-BE54-9A1E7A4F7556}") = "ch_03_15_예제", "..\ch_03_15_예제\ch_03_15_예제.csproj", "{95D61D2C-2D0F-4C30-B9F5-AC6967356B23}"
EndProject
Project("{9A19103F-16F7-4668-BE54-9A1E7A4F7556}") = "ch_03_16_예제", "..\ch_03_16_예제\ch_03_16_예제.csproj", "{24CA3E8B-9CD9-4393-94A9-AFED9B895AA4}"
EndProject
Project("{9A19103F-16F7-4668-BE54-9A1E7A4F7556}") = "ch_03_17_예제", "..\ch_03_17_예제\ch_03_17_예제.csproj", "{3ECC0C11-E6CF-440C-BFAA-6D29BC10D6B2}"
EndProject
Project("{9A19103F-16F7-4668-BE54-9A1E7A4F7556}") = "ch_03_17_예제_01", "..\ch_03_17_예제_01\ch_03_17_예제_01.csproj", "{35E3194E-0903-40FA-8AFD-1ED8C56D2CF4}"
EndProject
Project("{9A19103F-16F7-4668-BE54-9A1E7A4F7556}") = "ch_03_18_예제", "..\ch_03_18_예제\ch_03_18_예제.csproj", "{DE736020-02A1-42D1-B56C-2326E2E5F01E}"
EndProject
Project("{9A19103F-16F7-4668-BE54-9A1E7A4F7556}") = "ch_03_19_예제", "..\ch_03_19\ch_03_19_예제.csproj", "{1CF9ACDE-161F-4E5E-BF91-F1A985B557AE}"
EndProject
Project("{9A19103F-16F7-4668-BE54-9A1E7A4F7556}") = "ch_03_20_예제", "..\ch_03_20_예제\ch_03_20_예제.csproj", "{A632DAC3-D48D-42E9-B050-A27BA860C4E6}"
EndProject
Project("{9A19103F-16F7-4668-BE54-9A1E7A4F7556}") = "ch_03_21_예제", "..\ch_03_21_예제\ch_03_21_예제.csproj", "{3BFE0980-9A6A-44D3-A16B-0A7D0DF4A559}"
EndProject
Project("{9A19103F-16F7-4668-BE54-9A1E7A4F7556}") = "ch_03_22_예제", "..\ch_03_22_예제\ch_03_22_예제.csproj", "{F5C720B0-4825-4B1F-B13D-D8FCD4A2B4A0}"
EndProject
Project("{9A19103F-16F7-4668-BE54-9A1E7A4F7556}") = "ch_03_23_예제", "..\ch_03_23_예제\ch_03_23_예제.csproj", "{340EB1E0-12B4-4D85-967B-F8D1497D2A8A}"
EndProject
Project("{9A19103F-16F7-4668-BE54-9A1E7A4F7556}") = "ch_03_24_예제", "..\ch_03_24_예제\ch_03_24_예제.csproj", "{7D87A04C-87A0-4130-98AB-0497DD613775}"
EndProject
Project("{9A19103F-16F7-4668-BE54-9A1E7A4F7556}") = "ch_03_25_예제", "..\ch_03_25_예제\ch_03_25_예제.csproj", "{6FF12230-F096-418B-8AA3-E9E623488744}"
EndProject
Project("{9A19103F-16F7-4668-BE54-9A1E7A4F7556}") = "ch_03_26_예제", "..\ch_03_26_예제\ch_03_26_예제.csproj", "{A3DA9DF9-D0F6-4F8C-A327-9AD2CD73EEB1}"
EndProject
Project("{9A19103F-16F7-4668-BE54-9A1E7A4F7556}") = "ch_03_27_예제", "..\ch_03_27_예제\ch_03_27_예제.csproj", "{64703729-4303-4FDF-AD2C-6ECF6129AB65}"
EndProject
Project("{9A19103F-16F7-4668-BE54-9A1E7A4F7556}") = "ch_03_28_예제", "..\ch_03_28_예제\ch_03_28_예제.csproj", "{E2F29418-DF96-42B2-9212-94A4CDB29BC6}"
EndProject
Project("{9A19103F-16F7-4668-BE54-9A1E7A4F7556}") = "ch_03_29_예제", "..\ch_03_29_예제\ch_03_29_예제.csproj", "{92C6D11B-FC99-4CB9-BA2D-299035612915}"
EndProject
Project("{9A19103F-16F7-4668-BE54-9A1E7A4F7556}") = "ch_03_30_예제", "..\ch_03_30_예제\ch_03_30_예제.csproj", "{0417A32C-C6D3-450D-8BA4-25DFCD177944}"
EndProject
Project("{9A19103F-16F7-4668-BE54-9A1E7A4F7556}") = "ch_03_연습문제_01", "..\ch_03_연습문제_01\ch_03_연습문제_01.csproj", "{FC14BE39-A99D-4F96-95C1-E9C33FBFE939}"
EndProject
Project("{2150E333-8FDC-42A3-9474-1A3956D46DE8}") = "ch_04", "ch_04", "{C4BF149F-87B0-4F01-B33E-A9B25DDAF043}"
EndProject
Project("{9A19103F-16F7-4668-BE54-9A1E7A4F7556}") = "ch_04_01_예제", "..\ch_04_01_예제\ch_04_01_예제.csproj", "{A661A5BA-D87D-41DF-8D6C-27E43453925C}"
EndProject
Project("{9A19103F-16F7-4668-BE54-9A1E7A4F7556}") = "ch_04_02_예제", "..\ch_04_02_예제\ch_04_02_예제.csproj", "{9B8919B8-14AC-44C8-8519-8119832D3F62}"
EndProject
Project("{9A19103F-16F7-4668-BE54-9A1E7A4F7556}") = "ch_04_03_예제", "..\ch_04_03_예제\ch_04_03_예제.csproj", "{9A045881-5E0B-4B70-967B-2E316C479B06}"
EndProject
Project("{9A19103F-16F7-4668-BE54-9A1E7A4F7556}") = "ch_04_04_예제", "..\ch_04_04_예제\ch_04_04_예제.csproj", "{25B92BF7-BF8D-4973-8D4A-B9D739F07015}"
EndProject
Project("{9A19103F-16F7-4668-BE54-9A1E7A4F7556}") = "ch_04_05_예제", "..\ch_04_05_예제\ch_04_05_예제.csproj", "{89976033-1C50-4F2B-8E3D-DBF2FF55D19A}"
EndProject
Project("{9A19103F-16F7-4668-BE54-9A1E7A4F7556}") = "ch_04_06_예제", "..\ch_04_06_예제\ch_04_06_예제.csproj", "{2EB9418E-3EC0-4090-ADA5-87CA691C2E32}"
EndProject
Project("{9A19103F-16F7-4668-BE54-9A1E7A4F7556}") = "ch_04_07_예제_re", "..\ch_04_07_예제\ch_04_07_예제_re.csproj", "{A1964719-7AF0-4269-9BC0-C85535552185}"
EndProject
Project("{9A19103F-16F7-4668-BE54-9A1E7A4F7556}") = "ch_04_08_예제", "..\ch_04_08_예제\ch_04_08_예제.csproj", "{8C094EDB-2700-4BA1-A433-68955BD29427}"
EndProject
Project("{9A19103F-16F7-4668-BE54-9A1E7A4F7556}") = "ch_04_09_예제", "..\ch_04_09_예제\ch_04_09_예제.csproj", "{0B70F310-4D4D-4559-8CF0-9DCC9E4E9054}"
EndProject
Project("{9A19103F-16F7-4668-BE54-9A1E7A4F7556}") = "ch_04_10_예제", "..\ch_04_10_예제\ch_04_10_예제.csproj", "{8BDF9A1A-FEE8-47F0-B2A2-F8EB7A63CBB0}"
EndProject
Project("{9A19103F-16F7-4668-BE54-9A1E7A4F7556}") = "ch_04_11_예제", "..\ch_04_11_예제\ch_04_11_예제.csproj", "{C20B7448-475B-40C3-ADF0-BAA6B0FA0FA1}"
EndProject
Project("{2150E333-8FDC-42A3-9474-1A3956D46DE8}") = "ch_05", "ch_05", "{A4069C6A-D80A-4E24-9B04-C77DADF3DA23}"
EndProject
Project("{9A19103F-16F7-4668-BE54-9A1E7A4F7556}") = "ch_05_01_예제", "..\ch_05_01_예제\ch_05_01_예제.csproj", "{D4DE5B90-581E-4F5B-B2F1-EC5E11C37883}"
EndProject
Project("{9A19103F-16F7-4668-BE54-9A1E7A4F7556}") = "ch_05_02_예제", "..\ch_05_02_예제\ch_05_02_예제.csproj", "{8B163ECA-8C9F-4FCE-A11C-B8CFDE0F1A14}"
EndProject
Project("{9A19103F-16F7-4668-BE54-9A1E7A4F7556}") = "ch_05_03_예제", "..\ch_05_03_예제\ch_05_03_예제.csproj", "{0989932D-0A46-4A22-B466-1D57A56F35AE}"
EndProject
Project("{9A19103F-16F7-4668-BE54-9A1E7A4F7556}") = "ch_05_04_예제", "..\ch_05_04_예제\ch_05_04_예제.csproj", "{DB0FED07-D483-4360-9E04-F8DDAB3738A9}"
EndProject
Project("{9A19103F-16F7-4668-BE54-9A1E7A4F7556}") = "ch_05_05_예제", "..\ch_05_05_예제\ch_05_05_예제.csproj", "{BF0B4FE7-804F-425D-8421-DC3598E56D64}"
EndProject
Project("{9A19103F-16F7-4668-BE54-9A1E7A4F7556}") = "ch_05_06_예제", "..\ch_05_06_예제\ch_05_06_예제.csproj", "{0547D3D7-871B-42FB-93AF-49F9E18D6FB7}"
EndProject
Project("{9A19103F-16F7-4668-BE54-9A1E7A4F7556}") = "ch_05_07_예제", "..\ch_05_07_예제\ch_05_07_예제.csproj", "{1B07E6C4-EDC5-4543-813C-41554C36371E}"
EndProject
Project("{9A19103F-16F7-4668-BE54-9A1E7A4F7556}") = "ch_05_08_예제", "..\ch_05_08_예제\ch_05_08_예제.csproj", "{E428F36E-FC02-47D9-AD29-B0B0791720D9}"
EndProject
Project("{9A19103F-16F7-4668-BE54-9A1E7A4F7556}") = "ch_05_09_예제", "..\ch_05_09_예제\ch_05_09_예제.csproj", "{924D478C-AA6E-4D23-9A40-A5F64ABE2CB7}"
EndProject
Project("{FAE04EC0-301F-11D3-BF4B-00C04F79EFBC}") = "ch_05_11_예제", "..\ch_05_10_예제\ch_05_11_예제.csproj", "{C7DEA12C-84CE-48CB-A4E5-BDAC1B95B81F}"
EndProject
Project("{9A19103F-16F7-4668-BE54-9A1E7A4F7556}") = "ch_05_10_예제", "..\ch_05_10_예제\ch_05_10_예제.csproj", "{50D1B25D-44E1-457C-8908-4DE460E2D5B4}"
EndProject
Project("{9A19103F-16F7-4668-BE54-9A1E7A4F7556}") = "ch_05_12_예제", "..\ch_05_12_예제\ch_05_12_예제.csproj", "{719A006E-766C-4009-8B85-57EDCD552F50}"
EndProject
Project("{9A19103F-16F7-4668-BE54-9A1E7A4F7556}") = "ch_05_13_예제", "..\ch_05_13_예제\ch_05_13_예제.csproj", "{864B226C-4EA5-4B1F-B94D-796317D3524D}"
EndProject
Project("{9A19103F-16F7-4668-BE54-9A1E7A4F7556}") = "ch_05_연습문제_01_re", "..\ch_05_연습문제_01\ch_05_연습문제_01_re.csproj", "{0A0036B4-571E-442C-A204-33F8E30730EC}"
EndProject
Project("{2150E333-8FDC-42A3-9474-1A3956D46DE8}") = "ch_06", "ch_06", "{2E9E9C37-04FD-4C1E-AEAE-82AEF04F059B}"
EndProject
Project("{9A19103F-16F7-4668-BE54-9A1E7A4F7556}") = "ch_06_01_예제", "..\ch_06_01_예제\ch_06_01_예제.csproj", "{2D2DB92C-58E0-4001-B5A6-C6A447B4F4F1}"
EndProject
Project("{9A19103F-16F7-4668-BE54-9A1E7A4F7556}") = "ch_06_02_예제", "..\ch_06_02_예제\ch_06_02_예제.csproj", "{29D76999-00C5-48BF-BFF0-2124228C239B}"
EndProject
Project("{9A19103F-16F7-4668-BE54-9A1E7A4F7556}") = "ch_06_03_예제_Re", "..\ch_06_03_예제\ch_06_03_예제_Re.csproj", "{D515E951-A37E-40BC-93B9-409F6F7D8799}"
EndProject
Project("{9A19103F-16F7-4668-BE54-9A1E7A4F7556}") = "ch_06_04_예제_re", "..\ch_06_04_예제\ch_06_04_예제_re.csproj", "{087942DD-E4C1-452F-BE4A-FD956EF8196A}"
EndProject
Project("{9A19103F-16F7-4668-BE54-9A1E7A4F7556}") = "ch_06_05_예제_re", "..\ch_06_05\ch_06_05_예제_re.csproj", "{E20D472F-0B58-4229-A09F-400794620872}"
EndProject
Project("{9A19103F-16F7-4668-BE54-9A1E7A4F7556}") = "ch_06_06_예제", "..\ch_06_06_예제\ch_06_06_예제.csproj", "{E2CA9FA3-C856-4720-9394-296D174B5574}"
EndProject
Project("{9A19103F-16F7-4668-BE54-9A1E7A4F7556}") = "ch_06_07_예제", "..\ch_06_07_예제\ch_06_07_예제.csproj", "{E6B1FAB5-746A-46D9-9291-1677EB95A191}"
EndProject
Project("{9A19103F-16F7-4668-BE54-9A1E7A4F7556}") = "ch_06_08_예제", "..\ch_06_08_예제\ch_06_08_예제.csproj", "{21B042B9-4EDC-4582-9635-BB7B273973D2}"
EndProject
Project("{9A19103F-16F7-4668-BE54-9A1E7A4F7556}") = "ch_06_09_예제", "..\ch_06_09_예제\ch_06_09_예제.csproj", "{172953C9-524B-42FF-9600-072DA51F6214}"
EndProject
Project("{9A19103F-16F7-4668-BE54-9A1E7A4F7556}") = "ch_06_10_예제", "..\ch_06_10_예제\ch_06_10_예제.csproj", "{19A202BE-B0C9-4ADA-ADA2-836CBD379892}"
EndProject
Project("{9A19103F-16F7-4668-BE54-9A1E7A4F7556}") = "ch_06_11_예제_re", "..\ch_06_11\ch_06_11_예제_re.csproj", "{D8523F7E-9369-4A77-A361-F7DA03AE4CA5}"
EndProject
Project("{9A19103F-16F7-4668-BE54-9A1E7A4F7556}") = "ch_06_연습문제_01_re", "..\ch_06_연습문제_01\ch_06_연습문제_01_re.csproj", "{09A745C3-7293-45D9-9759-E2D519E2198E}"
EndProject
Project("{9A19103F-16F7-4668-BE54-9A1E7A4F7556}") = "ch_06_연습문제_02_re", "..\ch_06_연습문제_02\ch_06_연습문제_02_re.csproj", "{C1940B77-072A-478C-A23C-670DAC9D17D4}"
EndProject
Project("{9A19103F-16F7-4668-BE54-9A1E7A4F7556}") = "ch_06_연습문제_03", "..\ch_06_연습문제_03\ch_06_연습문제_03.csproj", "{B67D248F-2A2D-4EAE-B5CC-AB672F785511}"
EndProject
Project("{2150E333-8FDC-42A3-9474-1A3956D46DE8}") = "ch_07", "ch_07", "{0E5F44C7-7F53-4ACC-8EEE-0D9A0F6B2983}"
EndProject
Project("{9A19103F-16F7-4668-BE54-9A1E7A4F7556}") = "ch_07_01_예제", "..\ch_07_01_예제\ch_07_01_예제.csproj", "{91365359-891D-49EF-BABD-72249B1A7C90}"
EndProject
Project("{9A19103F-16F7-4668-BE54-9A1E7A4F7556}") = "ch_07_02_예제", "..\ch_07_02_예제\ch_07_02_예제.csproj", "{45477FF7-18FC-4A2C-8462-2D597135CDEE}"
EndProject
Project("{9A19103F-16F7-4668-BE54-9A1E7A4F7556}") = "ch_07_03_예제", "..\ch_07_03_예제\ch_07_03_예제.csproj", "{ACC5F1EB-5F50-4D38-9A77-0B6D5EA46F8F}"
EndProject
Project("{9A19103F-16F7-4668-BE54-9A1E7A4F7556}") = "ch_07_04_예제", "..\ch_07_04_예제\ch_07_04_예제.csproj", "{299931CA-22AC-47B2-ABF9-1CA01899D9BF}"
EndProject
Project("{9A19103F-16F7-4668-BE54-9A1E7A4F7556}") = "ch_07_05_예제_re", "..\ch_07_05_예제\ch_07_05_예제_re.csproj", "{E3B007D7-1897-48E0-9D2B-D2B71112F7F2}"
EndProject
Project("{9A19103F-16F7-4668-BE54-9A1E7A4F7556}") = "ch_07_06_예제_re", "..\ch_07_06_예제\ch_07_06_예제_re.csproj", "{AD5DFE53-49F2-4B19-974E-1A9C329C8909}"
EndProject
Project("{9A19103F-16F7-4668-BE54-9A1E7A4F7556}") = "ch_07_07_예제", "..\ch_07_07_예제\ch_07_07_예제.csproj", "{D1E2612F-B32B-4576-8AC1-E9790161B68C}"
EndProject
Project("{9A19103F-16F7-4668-BE54-9A1E7A4F7556}") = "ch_07_08_예제", "..\ch_07_08_예제\ch_07_08_예제.csproj", "{8DFB7A82-595D-468E-9352-DBB2828C6F24}"
EndProject
Project("{9A19103F-16F7-4668-BE54-9A1E7A4F7556}") = "ch_07_09_RE", "..\ch_07_09\ch_07_09_RE.csproj", "{38DA744F-18C4-45E9-A1E6-F91373F86285}"
EndProject
Project("{9A19103F-16F7-4668-BE54-9A1E7A4F7556}") = "ch_07_10_예제_re", "..\ch_07_10_예제\ch_07_10_예제_re.csproj", "{A8E93331-C122-4E9E-B9F3-0F4C1D7FE1B8}"
EndProject
Project("{9A19103F-16F7-4668-BE54-9A1E7A4F7556}") = "ch_07_11_예제", "..\ch_07_11_예제\ch_07_11_예제.csproj", "{5E49D934-E561-4F34-86B6-876E3DA3D425}"
EndProject
Project("{9A19103F-16F7-4668-BE54-9A1E7A4F7556}") = "ch_07_12_예제", "..\ch_07_12_예제\ch_07_12_예제.csproj", "{C9FA6CB2-A8D0-4E1C-A236-68C1E887623C}"
EndProject
Project("{9A19103F-16F7-4668-BE54-9A1E7A4F7556}") = "ch_07_13_예제", "..\ch_07_13_예제\ch_07_13_예제.csproj", "{0EE4448D-BF83-4E8B-A1E0-A2AECBB550D6}"
EndProject
Project("{9A19103F-16F7-4668-BE54-9A1E7A4F7556}") = "ch_07_14_예제", "..\ch_07_14_예제\ch_07_14_예제.csproj", "{2FEA7F30-3996-47F9-8F58-AC39D27C8B5D}"
EndProject
Project("{9A19103F-16F7-4668-BE54-9A1E7A4F7556}") = "ch_07_15_예제_re", "..\ch_07_15_예제\ch_07_15_예제_re.csproj", "{CCCE903B-07F0-416D-A008-6845DC722E38}"
EndProject
Project("{9A19103F-16F7-4668-BE54-9A1E7A4F7556}") = "ch_07_16_예제", "..\ch_07_16_예제\ch_07_16_예제.csproj", "{50B2F83F-56B3-41F6-8DF9-C000FF68069F}"
EndProject
Project("{9A19103F-16F7-4668-BE54-9A1E7A4F7556}") = "ch_07_17_예제", "..\ch_07_17_예제\ch_07_17_예제.csproj", "{8C721370-16FB-4B60-8103-82DF030E84CC}"
EndProject
Project("{9A19103F-16F7-4668-BE54-9A1E7A4F7556}") = "ch_07_18_예제", "..\ch_07_18_예제\ch_07_18_예제.csproj", "{9A9491AE-F0E2-4AC0-8F64-245245FF9341}"
EndProject
Project("{9A19103F-16F7-4668-BE54-9A1E7A4F7556}") = "ch_07_19_예제", "..\ch_07_19_예제\ch_07_19_예제.csproj", "{A3DF63C3-2E01-4DA1-B3EB-71DF261D512D}"
EndProject
Project("{9A19103F-16F7-4668-BE54-9A1E7A4F7556}") = "ch_07_20_예제", "..\ch_07_20_예제\ch_07_20_예제.csproj", "{753BFADD-407B-4566-8E2F-BE2BA978EC58}"
EndProject
<<<<<<< HEAD
Project("{9A19103F-16F7-4668-BE54-9A1E7A4F7556}") = "ch_08_01_예제", "..\ch_08_01_예제\ch_08_01_예제.csproj", "{31CBC45D-391E-433F-A7BD-0C7268EB8D66}"
EndProject
Project("{2150E333-8FDC-42A3-9474-1A3956D46DE8}") = "ch_08", "ch_08", "{0CB78B2F-8AE0-4132-BCCA-F75D9107C22A}"
EndProject
Project("{9A19103F-16F7-4668-BE54-9A1E7A4F7556}") = "ch_08_02_예제", "..\ch_08_02_예제\ch_08_02_예제.csproj", "{B83C5D4B-32A6-4DF9-936A-40ED975AAE9A}"
EndProject
Project("{9A19103F-16F7-4668-BE54-9A1E7A4F7556}") = "ch_08_03_예제_re", "..\ch_08_03_예제\ch_08_03_예제_re.csproj", "{FA415184-2B15-4859-8F57-ACAEF07ED9A9}"
EndProject
Project("{FAE04EC0-301F-11D3-BF4B-00C04F79EFBC}") = "ch_08_04_예제", "..\ch_08_04_예제\ch_08_04_예제.csproj", "{0AF9D7D8-9B60-481E-9CC4-B12EE2EF453F}"
EndProject
Project("{FAE04EC0-301F-11D3-BF4B-00C04F79EFBC}") = "ch_08_05_예제", "..\ch_08_05_예제\ch_08_05_예제.csproj", "{68F7579F-B03F-483A-967A-14F8B15C66AB}"
EndProject
Project("{2150E333-8FDC-42A3-9474-1A3956D46DE8}") = "ch_09", "ch_09", "{38891FA6-5D8A-4284-BDEC-CF1C553BFB41}"
EndProject
Project("{FAE04EC0-301F-11D3-BF4B-00C04F79EFBC}") = "ch_09_01_예제", "..\ch_09_01_예제\ch_09_01_예제.csproj", "{794F47BC-75EC-469A-A0E1-6F35A5C07153}"
=======
Project("{FAE04EC0-301F-11D3-BF4B-00C04F79EFBC}") = "ch_07_21_예제", "..\ch_07_21_예제\ch_07_21_예제.csproj", "{14692B2B-B3DC-4680-AE1B-DABF75A02BE7}"
EndProject
Project("{FAE04EC0-301F-11D3-BF4B-00C04F79EFBC}") = "ch_07_22_예제", "..\ch_07_22_예제\ch_07_22_예제.csproj", "{115E1AEB-5932-4D19-8702-A5910135AC32}"
>>>>>>> 2a4154ef7c59f19b966d5c5f72b32400e54bbb72
EndProject
Global
	GlobalSection(SolutionConfigurationPlatforms) = preSolution
		Debug|Any CPU = Debug|Any CPU
		Release|Any CPU = Release|Any CPU
	EndGlobalSection
	GlobalSection(ProjectConfigurationPlatforms) = postSolution
		{AA74A4BF-6EBE-4F71-8855-FB093F2D5EDE}.Debug|Any CPU.ActiveCfg = Debug|Any CPU
		{AA74A4BF-6EBE-4F71-8855-FB093F2D5EDE}.Debug|Any CPU.Build.0 = Debug|Any CPU
		{AA74A4BF-6EBE-4F71-8855-FB093F2D5EDE}.Release|Any CPU.ActiveCfg = Release|Any CPU
		{AA74A4BF-6EBE-4F71-8855-FB093F2D5EDE}.Release|Any CPU.Build.0 = Release|Any CPU
		{F32CDF5C-B7E9-4FE8-B812-92D8D465FBEC}.Debug|Any CPU.ActiveCfg = Debug|Any CPU
		{F32CDF5C-B7E9-4FE8-B812-92D8D465FBEC}.Debug|Any CPU.Build.0 = Debug|Any CPU
		{F32CDF5C-B7E9-4FE8-B812-92D8D465FBEC}.Release|Any CPU.ActiveCfg = Release|Any CPU
		{F32CDF5C-B7E9-4FE8-B812-92D8D465FBEC}.Release|Any CPU.Build.0 = Release|Any CPU
		{5BFEF06C-B154-4E35-B49A-3FC5AE0E8278}.Debug|Any CPU.ActiveCfg = Debug|Any CPU
		{5BFEF06C-B154-4E35-B49A-3FC5AE0E8278}.Debug|Any CPU.Build.0 = Debug|Any CPU
		{5BFEF06C-B154-4E35-B49A-3FC5AE0E8278}.Release|Any CPU.ActiveCfg = Release|Any CPU
		{5BFEF06C-B154-4E35-B49A-3FC5AE0E8278}.Release|Any CPU.Build.0 = Release|Any CPU
		{99FDF4E1-35C0-4AB8-87EA-5869700D0317}.Debug|Any CPU.ActiveCfg = Debug|Any CPU
		{99FDF4E1-35C0-4AB8-87EA-5869700D0317}.Debug|Any CPU.Build.0 = Debug|Any CPU
		{99FDF4E1-35C0-4AB8-87EA-5869700D0317}.Release|Any CPU.ActiveCfg = Release|Any CPU
		{99FDF4E1-35C0-4AB8-87EA-5869700D0317}.Release|Any CPU.Build.0 = Release|Any CPU
		{0CFC6A69-59ED-47F0-8408-E7EA9090FCAE}.Debug|Any CPU.ActiveCfg = Debug|Any CPU
		{0CFC6A69-59ED-47F0-8408-E7EA9090FCAE}.Debug|Any CPU.Build.0 = Debug|Any CPU
		{0CFC6A69-59ED-47F0-8408-E7EA9090FCAE}.Release|Any CPU.ActiveCfg = Release|Any CPU
		{0CFC6A69-59ED-47F0-8408-E7EA9090FCAE}.Release|Any CPU.Build.0 = Release|Any CPU
		{A6649FED-5045-4FA6-A224-6E6D8C4205CE}.Debug|Any CPU.ActiveCfg = Debug|Any CPU
		{A6649FED-5045-4FA6-A224-6E6D8C4205CE}.Debug|Any CPU.Build.0 = Debug|Any CPU
		{A6649FED-5045-4FA6-A224-6E6D8C4205CE}.Release|Any CPU.ActiveCfg = Release|Any CPU
		{A6649FED-5045-4FA6-A224-6E6D8C4205CE}.Release|Any CPU.Build.0 = Release|Any CPU
		{BD5F25EA-F13A-4B10-9451-7D2D073A1E78}.Debug|Any CPU.ActiveCfg = Debug|Any CPU
		{BD5F25EA-F13A-4B10-9451-7D2D073A1E78}.Debug|Any CPU.Build.0 = Debug|Any CPU
		{BD5F25EA-F13A-4B10-9451-7D2D073A1E78}.Release|Any CPU.ActiveCfg = Release|Any CPU
		{BD5F25EA-F13A-4B10-9451-7D2D073A1E78}.Release|Any CPU.Build.0 = Release|Any CPU
		{AE1BB5E0-BCFA-41B9-971C-14CD81BE5D90}.Debug|Any CPU.ActiveCfg = Debug|Any CPU
		{AE1BB5E0-BCFA-41B9-971C-14CD81BE5D90}.Debug|Any CPU.Build.0 = Debug|Any CPU
		{AE1BB5E0-BCFA-41B9-971C-14CD81BE5D90}.Release|Any CPU.ActiveCfg = Release|Any CPU
		{AE1BB5E0-BCFA-41B9-971C-14CD81BE5D90}.Release|Any CPU.Build.0 = Release|Any CPU
		{C19FE3A4-F591-4037-87FA-70BA4FBFA030}.Debug|Any CPU.ActiveCfg = Debug|Any CPU
		{C19FE3A4-F591-4037-87FA-70BA4FBFA030}.Debug|Any CPU.Build.0 = Debug|Any CPU
		{C19FE3A4-F591-4037-87FA-70BA4FBFA030}.Release|Any CPU.ActiveCfg = Release|Any CPU
		{C19FE3A4-F591-4037-87FA-70BA4FBFA030}.Release|Any CPU.Build.0 = Release|Any CPU
		{11B16CA7-D103-4471-B019-AE3C7204EAA1}.Debug|Any CPU.ActiveCfg = Debug|Any CPU
		{11B16CA7-D103-4471-B019-AE3C7204EAA1}.Debug|Any CPU.Build.0 = Debug|Any CPU
		{11B16CA7-D103-4471-B019-AE3C7204EAA1}.Release|Any CPU.ActiveCfg = Release|Any CPU
		{11B16CA7-D103-4471-B019-AE3C7204EAA1}.Release|Any CPU.Build.0 = Release|Any CPU
		{F7630904-1837-406E-8568-E057789159B0}.Debug|Any CPU.ActiveCfg = Debug|Any CPU
		{F7630904-1837-406E-8568-E057789159B0}.Debug|Any CPU.Build.0 = Debug|Any CPU
		{F7630904-1837-406E-8568-E057789159B0}.Release|Any CPU.ActiveCfg = Release|Any CPU
		{F7630904-1837-406E-8568-E057789159B0}.Release|Any CPU.Build.0 = Release|Any CPU
		{3B829E41-DDB6-4CB4-BEF6-74ECF03B1F2F}.Debug|Any CPU.ActiveCfg = Debug|Any CPU
		{3B829E41-DDB6-4CB4-BEF6-74ECF03B1F2F}.Debug|Any CPU.Build.0 = Debug|Any CPU
		{3B829E41-DDB6-4CB4-BEF6-74ECF03B1F2F}.Release|Any CPU.ActiveCfg = Release|Any CPU
		{3B829E41-DDB6-4CB4-BEF6-74ECF03B1F2F}.Release|Any CPU.Build.0 = Release|Any CPU
		{9FA871F2-6A3D-476C-813D-724788AA88AD}.Debug|Any CPU.ActiveCfg = Debug|Any CPU
		{9FA871F2-6A3D-476C-813D-724788AA88AD}.Debug|Any CPU.Build.0 = Debug|Any CPU
		{9FA871F2-6A3D-476C-813D-724788AA88AD}.Release|Any CPU.ActiveCfg = Release|Any CPU
		{9FA871F2-6A3D-476C-813D-724788AA88AD}.Release|Any CPU.Build.0 = Release|Any CPU
		{6B24969A-AE20-4DD8-B3FA-AFA8B49A993E}.Debug|Any CPU.ActiveCfg = Debug|Any CPU
		{6B24969A-AE20-4DD8-B3FA-AFA8B49A993E}.Debug|Any CPU.Build.0 = Debug|Any CPU
		{6B24969A-AE20-4DD8-B3FA-AFA8B49A993E}.Release|Any CPU.ActiveCfg = Release|Any CPU
		{6B24969A-AE20-4DD8-B3FA-AFA8B49A993E}.Release|Any CPU.Build.0 = Release|Any CPU
		{31C67082-E372-41E4-9098-A0120AA0F367}.Debug|Any CPU.ActiveCfg = Debug|Any CPU
		{31C67082-E372-41E4-9098-A0120AA0F367}.Debug|Any CPU.Build.0 = Debug|Any CPU
		{31C67082-E372-41E4-9098-A0120AA0F367}.Release|Any CPU.ActiveCfg = Release|Any CPU
		{31C67082-E372-41E4-9098-A0120AA0F367}.Release|Any CPU.Build.0 = Release|Any CPU
		{3B7237D1-1D46-4D76-94DE-CA8A4ECD86CE}.Debug|Any CPU.ActiveCfg = Debug|Any CPU
		{3B7237D1-1D46-4D76-94DE-CA8A4ECD86CE}.Debug|Any CPU.Build.0 = Debug|Any CPU
		{3B7237D1-1D46-4D76-94DE-CA8A4ECD86CE}.Release|Any CPU.ActiveCfg = Release|Any CPU
		{3B7237D1-1D46-4D76-94DE-CA8A4ECD86CE}.Release|Any CPU.Build.0 = Release|Any CPU
		{8E4F3445-785F-4009-B76D-6C48660100D1}.Debug|Any CPU.ActiveCfg = Debug|Any CPU
		{8E4F3445-785F-4009-B76D-6C48660100D1}.Debug|Any CPU.Build.0 = Debug|Any CPU
		{8E4F3445-785F-4009-B76D-6C48660100D1}.Release|Any CPU.ActiveCfg = Release|Any CPU
		{8E4F3445-785F-4009-B76D-6C48660100D1}.Release|Any CPU.Build.0 = Release|Any CPU
		{258E1414-F938-4E31-BB7F-0E4388BFC924}.Debug|Any CPU.ActiveCfg = Debug|Any CPU
		{258E1414-F938-4E31-BB7F-0E4388BFC924}.Debug|Any CPU.Build.0 = Debug|Any CPU
		{258E1414-F938-4E31-BB7F-0E4388BFC924}.Release|Any CPU.ActiveCfg = Release|Any CPU
		{258E1414-F938-4E31-BB7F-0E4388BFC924}.Release|Any CPU.Build.0 = Release|Any CPU
		{B39F08B0-F029-4905-B46B-FDE92DAD4C71}.Debug|Any CPU.ActiveCfg = Debug|Any CPU
		{B39F08B0-F029-4905-B46B-FDE92DAD4C71}.Debug|Any CPU.Build.0 = Debug|Any CPU
		{B39F08B0-F029-4905-B46B-FDE92DAD4C71}.Release|Any CPU.ActiveCfg = Release|Any CPU
		{B39F08B0-F029-4905-B46B-FDE92DAD4C71}.Release|Any CPU.Build.0 = Release|Any CPU
		{95D61D2C-2D0F-4C30-B9F5-AC6967356B23}.Debug|Any CPU.ActiveCfg = Debug|Any CPU
		{95D61D2C-2D0F-4C30-B9F5-AC6967356B23}.Debug|Any CPU.Build.0 = Debug|Any CPU
		{95D61D2C-2D0F-4C30-B9F5-AC6967356B23}.Release|Any CPU.ActiveCfg = Release|Any CPU
		{95D61D2C-2D0F-4C30-B9F5-AC6967356B23}.Release|Any CPU.Build.0 = Release|Any CPU
		{24CA3E8B-9CD9-4393-94A9-AFED9B895AA4}.Debug|Any CPU.ActiveCfg = Debug|Any CPU
		{24CA3E8B-9CD9-4393-94A9-AFED9B895AA4}.Debug|Any CPU.Build.0 = Debug|Any CPU
		{24CA3E8B-9CD9-4393-94A9-AFED9B895AA4}.Release|Any CPU.ActiveCfg = Release|Any CPU
		{24CA3E8B-9CD9-4393-94A9-AFED9B895AA4}.Release|Any CPU.Build.0 = Release|Any CPU
		{3ECC0C11-E6CF-440C-BFAA-6D29BC10D6B2}.Debug|Any CPU.ActiveCfg = Debug|Any CPU
		{3ECC0C11-E6CF-440C-BFAA-6D29BC10D6B2}.Debug|Any CPU.Build.0 = Debug|Any CPU
		{3ECC0C11-E6CF-440C-BFAA-6D29BC10D6B2}.Release|Any CPU.ActiveCfg = Release|Any CPU
		{3ECC0C11-E6CF-440C-BFAA-6D29BC10D6B2}.Release|Any CPU.Build.0 = Release|Any CPU
		{35E3194E-0903-40FA-8AFD-1ED8C56D2CF4}.Debug|Any CPU.ActiveCfg = Debug|Any CPU
		{35E3194E-0903-40FA-8AFD-1ED8C56D2CF4}.Debug|Any CPU.Build.0 = Debug|Any CPU
		{35E3194E-0903-40FA-8AFD-1ED8C56D2CF4}.Release|Any CPU.ActiveCfg = Release|Any CPU
		{35E3194E-0903-40FA-8AFD-1ED8C56D2CF4}.Release|Any CPU.Build.0 = Release|Any CPU
		{DE736020-02A1-42D1-B56C-2326E2E5F01E}.Debug|Any CPU.ActiveCfg = Debug|Any CPU
		{DE736020-02A1-42D1-B56C-2326E2E5F01E}.Debug|Any CPU.Build.0 = Debug|Any CPU
		{DE736020-02A1-42D1-B56C-2326E2E5F01E}.Release|Any CPU.ActiveCfg = Release|Any CPU
		{DE736020-02A1-42D1-B56C-2326E2E5F01E}.Release|Any CPU.Build.0 = Release|Any CPU
		{1CF9ACDE-161F-4E5E-BF91-F1A985B557AE}.Debug|Any CPU.ActiveCfg = Debug|Any CPU
		{1CF9ACDE-161F-4E5E-BF91-F1A985B557AE}.Debug|Any CPU.Build.0 = Debug|Any CPU
		{1CF9ACDE-161F-4E5E-BF91-F1A985B557AE}.Release|Any CPU.ActiveCfg = Release|Any CPU
		{1CF9ACDE-161F-4E5E-BF91-F1A985B557AE}.Release|Any CPU.Build.0 = Release|Any CPU
		{A632DAC3-D48D-42E9-B050-A27BA860C4E6}.Debug|Any CPU.ActiveCfg = Debug|Any CPU
		{A632DAC3-D48D-42E9-B050-A27BA860C4E6}.Debug|Any CPU.Build.0 = Debug|Any CPU
		{A632DAC3-D48D-42E9-B050-A27BA860C4E6}.Release|Any CPU.ActiveCfg = Release|Any CPU
		{A632DAC3-D48D-42E9-B050-A27BA860C4E6}.Release|Any CPU.Build.0 = Release|Any CPU
		{3BFE0980-9A6A-44D3-A16B-0A7D0DF4A559}.Debug|Any CPU.ActiveCfg = Debug|Any CPU
		{3BFE0980-9A6A-44D3-A16B-0A7D0DF4A559}.Debug|Any CPU.Build.0 = Debug|Any CPU
		{3BFE0980-9A6A-44D3-A16B-0A7D0DF4A559}.Release|Any CPU.ActiveCfg = Release|Any CPU
		{3BFE0980-9A6A-44D3-A16B-0A7D0DF4A559}.Release|Any CPU.Build.0 = Release|Any CPU
		{F5C720B0-4825-4B1F-B13D-D8FCD4A2B4A0}.Debug|Any CPU.ActiveCfg = Debug|Any CPU
		{F5C720B0-4825-4B1F-B13D-D8FCD4A2B4A0}.Debug|Any CPU.Build.0 = Debug|Any CPU
		{F5C720B0-4825-4B1F-B13D-D8FCD4A2B4A0}.Release|Any CPU.ActiveCfg = Release|Any CPU
		{F5C720B0-4825-4B1F-B13D-D8FCD4A2B4A0}.Release|Any CPU.Build.0 = Release|Any CPU
		{340EB1E0-12B4-4D85-967B-F8D1497D2A8A}.Debug|Any CPU.ActiveCfg = Debug|Any CPU
		{340EB1E0-12B4-4D85-967B-F8D1497D2A8A}.Debug|Any CPU.Build.0 = Debug|Any CPU
		{340EB1E0-12B4-4D85-967B-F8D1497D2A8A}.Release|Any CPU.ActiveCfg = Release|Any CPU
		{340EB1E0-12B4-4D85-967B-F8D1497D2A8A}.Release|Any CPU.Build.0 = Release|Any CPU
		{7D87A04C-87A0-4130-98AB-0497DD613775}.Debug|Any CPU.ActiveCfg = Debug|Any CPU
		{7D87A04C-87A0-4130-98AB-0497DD613775}.Debug|Any CPU.Build.0 = Debug|Any CPU
		{7D87A04C-87A0-4130-98AB-0497DD613775}.Release|Any CPU.ActiveCfg = Release|Any CPU
		{7D87A04C-87A0-4130-98AB-0497DD613775}.Release|Any CPU.Build.0 = Release|Any CPU
		{6FF12230-F096-418B-8AA3-E9E623488744}.Debug|Any CPU.ActiveCfg = Debug|Any CPU
		{6FF12230-F096-418B-8AA3-E9E623488744}.Debug|Any CPU.Build.0 = Debug|Any CPU
		{6FF12230-F096-418B-8AA3-E9E623488744}.Release|Any CPU.ActiveCfg = Release|Any CPU
		{6FF12230-F096-418B-8AA3-E9E623488744}.Release|Any CPU.Build.0 = Release|Any CPU
		{A3DA9DF9-D0F6-4F8C-A327-9AD2CD73EEB1}.Debug|Any CPU.ActiveCfg = Debug|Any CPU
		{A3DA9DF9-D0F6-4F8C-A327-9AD2CD73EEB1}.Debug|Any CPU.Build.0 = Debug|Any CPU
		{A3DA9DF9-D0F6-4F8C-A327-9AD2CD73EEB1}.Release|Any CPU.ActiveCfg = Release|Any CPU
		{A3DA9DF9-D0F6-4F8C-A327-9AD2CD73EEB1}.Release|Any CPU.Build.0 = Release|Any CPU
		{64703729-4303-4FDF-AD2C-6ECF6129AB65}.Debug|Any CPU.ActiveCfg = Debug|Any CPU
		{64703729-4303-4FDF-AD2C-6ECF6129AB65}.Debug|Any CPU.Build.0 = Debug|Any CPU
		{64703729-4303-4FDF-AD2C-6ECF6129AB65}.Release|Any CPU.ActiveCfg = Release|Any CPU
		{64703729-4303-4FDF-AD2C-6ECF6129AB65}.Release|Any CPU.Build.0 = Release|Any CPU
		{E2F29418-DF96-42B2-9212-94A4CDB29BC6}.Debug|Any CPU.ActiveCfg = Debug|Any CPU
		{E2F29418-DF96-42B2-9212-94A4CDB29BC6}.Debug|Any CPU.Build.0 = Debug|Any CPU
		{E2F29418-DF96-42B2-9212-94A4CDB29BC6}.Release|Any CPU.ActiveCfg = Release|Any CPU
		{E2F29418-DF96-42B2-9212-94A4CDB29BC6}.Release|Any CPU.Build.0 = Release|Any CPU
		{92C6D11B-FC99-4CB9-BA2D-299035612915}.Debug|Any CPU.ActiveCfg = Debug|Any CPU
		{92C6D11B-FC99-4CB9-BA2D-299035612915}.Debug|Any CPU.Build.0 = Debug|Any CPU
		{92C6D11B-FC99-4CB9-BA2D-299035612915}.Release|Any CPU.ActiveCfg = Release|Any CPU
		{92C6D11B-FC99-4CB9-BA2D-299035612915}.Release|Any CPU.Build.0 = Release|Any CPU
		{0417A32C-C6D3-450D-8BA4-25DFCD177944}.Debug|Any CPU.ActiveCfg = Debug|Any CPU
		{0417A32C-C6D3-450D-8BA4-25DFCD177944}.Debug|Any CPU.Build.0 = Debug|Any CPU
		{0417A32C-C6D3-450D-8BA4-25DFCD177944}.Release|Any CPU.ActiveCfg = Release|Any CPU
		{0417A32C-C6D3-450D-8BA4-25DFCD177944}.Release|Any CPU.Build.0 = Release|Any CPU
		{FC14BE39-A99D-4F96-95C1-E9C33FBFE939}.Debug|Any CPU.ActiveCfg = Debug|Any CPU
		{FC14BE39-A99D-4F96-95C1-E9C33FBFE939}.Debug|Any CPU.Build.0 = Debug|Any CPU
		{FC14BE39-A99D-4F96-95C1-E9C33FBFE939}.Release|Any CPU.ActiveCfg = Release|Any CPU
		{FC14BE39-A99D-4F96-95C1-E9C33FBFE939}.Release|Any CPU.Build.0 = Release|Any CPU
		{A661A5BA-D87D-41DF-8D6C-27E43453925C}.Debug|Any CPU.ActiveCfg = Debug|Any CPU
		{A661A5BA-D87D-41DF-8D6C-27E43453925C}.Debug|Any CPU.Build.0 = Debug|Any CPU
		{A661A5BA-D87D-41DF-8D6C-27E43453925C}.Release|Any CPU.ActiveCfg = Release|Any CPU
		{A661A5BA-D87D-41DF-8D6C-27E43453925C}.Release|Any CPU.Build.0 = Release|Any CPU
		{9B8919B8-14AC-44C8-8519-8119832D3F62}.Debug|Any CPU.ActiveCfg = Debug|Any CPU
		{9B8919B8-14AC-44C8-8519-8119832D3F62}.Debug|Any CPU.Build.0 = Debug|Any CPU
		{9B8919B8-14AC-44C8-8519-8119832D3F62}.Release|Any CPU.ActiveCfg = Release|Any CPU
		{9B8919B8-14AC-44C8-8519-8119832D3F62}.Release|Any CPU.Build.0 = Release|Any CPU
		{9A045881-5E0B-4B70-967B-2E316C479B06}.Debug|Any CPU.ActiveCfg = Debug|Any CPU
		{9A045881-5E0B-4B70-967B-2E316C479B06}.Debug|Any CPU.Build.0 = Debug|Any CPU
		{9A045881-5E0B-4B70-967B-2E316C479B06}.Release|Any CPU.ActiveCfg = Release|Any CPU
		{9A045881-5E0B-4B70-967B-2E316C479B06}.Release|Any CPU.Build.0 = Release|Any CPU
		{25B92BF7-BF8D-4973-8D4A-B9D739F07015}.Debug|Any CPU.ActiveCfg = Debug|Any CPU
		{25B92BF7-BF8D-4973-8D4A-B9D739F07015}.Debug|Any CPU.Build.0 = Debug|Any CPU
		{25B92BF7-BF8D-4973-8D4A-B9D739F07015}.Release|Any CPU.ActiveCfg = Release|Any CPU
		{25B92BF7-BF8D-4973-8D4A-B9D739F07015}.Release|Any CPU.Build.0 = Release|Any CPU
		{89976033-1C50-4F2B-8E3D-DBF2FF55D19A}.Debug|Any CPU.ActiveCfg = Debug|Any CPU
		{89976033-1C50-4F2B-8E3D-DBF2FF55D19A}.Debug|Any CPU.Build.0 = Debug|Any CPU
		{89976033-1C50-4F2B-8E3D-DBF2FF55D19A}.Release|Any CPU.ActiveCfg = Release|Any CPU
		{89976033-1C50-4F2B-8E3D-DBF2FF55D19A}.Release|Any CPU.Build.0 = Release|Any CPU
		{2EB9418E-3EC0-4090-ADA5-87CA691C2E32}.Debug|Any CPU.ActiveCfg = Debug|Any CPU
		{2EB9418E-3EC0-4090-ADA5-87CA691C2E32}.Debug|Any CPU.Build.0 = Debug|Any CPU
		{2EB9418E-3EC0-4090-ADA5-87CA691C2E32}.Release|Any CPU.ActiveCfg = Release|Any CPU
		{2EB9418E-3EC0-4090-ADA5-87CA691C2E32}.Release|Any CPU.Build.0 = Release|Any CPU
		{A1964719-7AF0-4269-9BC0-C85535552185}.Debug|Any CPU.ActiveCfg = Debug|Any CPU
		{A1964719-7AF0-4269-9BC0-C85535552185}.Debug|Any CPU.Build.0 = Debug|Any CPU
		{A1964719-7AF0-4269-9BC0-C85535552185}.Release|Any CPU.ActiveCfg = Release|Any CPU
		{A1964719-7AF0-4269-9BC0-C85535552185}.Release|Any CPU.Build.0 = Release|Any CPU
		{8C094EDB-2700-4BA1-A433-68955BD29427}.Debug|Any CPU.ActiveCfg = Debug|Any CPU
		{8C094EDB-2700-4BA1-A433-68955BD29427}.Debug|Any CPU.Build.0 = Debug|Any CPU
		{8C094EDB-2700-4BA1-A433-68955BD29427}.Release|Any CPU.ActiveCfg = Release|Any CPU
		{8C094EDB-2700-4BA1-A433-68955BD29427}.Release|Any CPU.Build.0 = Release|Any CPU
		{0B70F310-4D4D-4559-8CF0-9DCC9E4E9054}.Debug|Any CPU.ActiveCfg = Debug|Any CPU
		{0B70F310-4D4D-4559-8CF0-9DCC9E4E9054}.Debug|Any CPU.Build.0 = Debug|Any CPU
		{0B70F310-4D4D-4559-8CF0-9DCC9E4E9054}.Release|Any CPU.ActiveCfg = Release|Any CPU
		{0B70F310-4D4D-4559-8CF0-9DCC9E4E9054}.Release|Any CPU.Build.0 = Release|Any CPU
		{8BDF9A1A-FEE8-47F0-B2A2-F8EB7A63CBB0}.Debug|Any CPU.ActiveCfg = Debug|Any CPU
		{8BDF9A1A-FEE8-47F0-B2A2-F8EB7A63CBB0}.Debug|Any CPU.Build.0 = Debug|Any CPU
		{8BDF9A1A-FEE8-47F0-B2A2-F8EB7A63CBB0}.Release|Any CPU.ActiveCfg = Release|Any CPU
		{8BDF9A1A-FEE8-47F0-B2A2-F8EB7A63CBB0}.Release|Any CPU.Build.0 = Release|Any CPU
		{C20B7448-475B-40C3-ADF0-BAA6B0FA0FA1}.Debug|Any CPU.ActiveCfg = Debug|Any CPU
		{C20B7448-475B-40C3-ADF0-BAA6B0FA0FA1}.Debug|Any CPU.Build.0 = Debug|Any CPU
		{C20B7448-475B-40C3-ADF0-BAA6B0FA0FA1}.Release|Any CPU.ActiveCfg = Release|Any CPU
		{C20B7448-475B-40C3-ADF0-BAA6B0FA0FA1}.Release|Any CPU.Build.0 = Release|Any CPU
		{D4DE5B90-581E-4F5B-B2F1-EC5E11C37883}.Debug|Any CPU.ActiveCfg = Debug|Any CPU
		{D4DE5B90-581E-4F5B-B2F1-EC5E11C37883}.Debug|Any CPU.Build.0 = Debug|Any CPU
		{D4DE5B90-581E-4F5B-B2F1-EC5E11C37883}.Release|Any CPU.ActiveCfg = Release|Any CPU
		{D4DE5B90-581E-4F5B-B2F1-EC5E11C37883}.Release|Any CPU.Build.0 = Release|Any CPU
		{8B163ECA-8C9F-4FCE-A11C-B8CFDE0F1A14}.Debug|Any CPU.ActiveCfg = Debug|Any CPU
		{8B163ECA-8C9F-4FCE-A11C-B8CFDE0F1A14}.Debug|Any CPU.Build.0 = Debug|Any CPU
		{8B163ECA-8C9F-4FCE-A11C-B8CFDE0F1A14}.Release|Any CPU.ActiveCfg = Release|Any CPU
		{8B163ECA-8C9F-4FCE-A11C-B8CFDE0F1A14}.Release|Any CPU.Build.0 = Release|Any CPU
		{0989932D-0A46-4A22-B466-1D57A56F35AE}.Debug|Any CPU.ActiveCfg = Debug|Any CPU
		{0989932D-0A46-4A22-B466-1D57A56F35AE}.Debug|Any CPU.Build.0 = Debug|Any CPU
		{0989932D-0A46-4A22-B466-1D57A56F35AE}.Release|Any CPU.ActiveCfg = Release|Any CPU
		{0989932D-0A46-4A22-B466-1D57A56F35AE}.Release|Any CPU.Build.0 = Release|Any CPU
		{DB0FED07-D483-4360-9E04-F8DDAB3738A9}.Debug|Any CPU.ActiveCfg = Debug|Any CPU
		{DB0FED07-D483-4360-9E04-F8DDAB3738A9}.Debug|Any CPU.Build.0 = Debug|Any CPU
		{DB0FED07-D483-4360-9E04-F8DDAB3738A9}.Release|Any CPU.ActiveCfg = Release|Any CPU
		{DB0FED07-D483-4360-9E04-F8DDAB3738A9}.Release|Any CPU.Build.0 = Release|Any CPU
		{BF0B4FE7-804F-425D-8421-DC3598E56D64}.Debug|Any CPU.ActiveCfg = Debug|Any CPU
		{BF0B4FE7-804F-425D-8421-DC3598E56D64}.Debug|Any CPU.Build.0 = Debug|Any CPU
		{BF0B4FE7-804F-425D-8421-DC3598E56D64}.Release|Any CPU.ActiveCfg = Release|Any CPU
		{BF0B4FE7-804F-425D-8421-DC3598E56D64}.Release|Any CPU.Build.0 = Release|Any CPU
		{0547D3D7-871B-42FB-93AF-49F9E18D6FB7}.Debug|Any CPU.ActiveCfg = Debug|Any CPU
		{0547D3D7-871B-42FB-93AF-49F9E18D6FB7}.Debug|Any CPU.Build.0 = Debug|Any CPU
		{0547D3D7-871B-42FB-93AF-49F9E18D6FB7}.Release|Any CPU.ActiveCfg = Release|Any CPU
		{0547D3D7-871B-42FB-93AF-49F9E18D6FB7}.Release|Any CPU.Build.0 = Release|Any CPU
		{1B07E6C4-EDC5-4543-813C-41554C36371E}.Debug|Any CPU.ActiveCfg = Debug|Any CPU
		{1B07E6C4-EDC5-4543-813C-41554C36371E}.Debug|Any CPU.Build.0 = Debug|Any CPU
		{1B07E6C4-EDC5-4543-813C-41554C36371E}.Release|Any CPU.ActiveCfg = Release|Any CPU
		{1B07E6C4-EDC5-4543-813C-41554C36371E}.Release|Any CPU.Build.0 = Release|Any CPU
		{E428F36E-FC02-47D9-AD29-B0B0791720D9}.Debug|Any CPU.ActiveCfg = Debug|Any CPU
		{E428F36E-FC02-47D9-AD29-B0B0791720D9}.Debug|Any CPU.Build.0 = Debug|Any CPU
		{E428F36E-FC02-47D9-AD29-B0B0791720D9}.Release|Any CPU.ActiveCfg = Release|Any CPU
		{E428F36E-FC02-47D9-AD29-B0B0791720D9}.Release|Any CPU.Build.0 = Release|Any CPU
		{924D478C-AA6E-4D23-9A40-A5F64ABE2CB7}.Debug|Any CPU.ActiveCfg = Debug|Any CPU
		{924D478C-AA6E-4D23-9A40-A5F64ABE2CB7}.Debug|Any CPU.Build.0 = Debug|Any CPU
		{924D478C-AA6E-4D23-9A40-A5F64ABE2CB7}.Release|Any CPU.ActiveCfg = Release|Any CPU
		{924D478C-AA6E-4D23-9A40-A5F64ABE2CB7}.Release|Any CPU.Build.0 = Release|Any CPU
		{C7DEA12C-84CE-48CB-A4E5-BDAC1B95B81F}.Debug|Any CPU.ActiveCfg = Debug|Any CPU
		{C7DEA12C-84CE-48CB-A4E5-BDAC1B95B81F}.Debug|Any CPU.Build.0 = Debug|Any CPU
		{C7DEA12C-84CE-48CB-A4E5-BDAC1B95B81F}.Release|Any CPU.ActiveCfg = Release|Any CPU
		{C7DEA12C-84CE-48CB-A4E5-BDAC1B95B81F}.Release|Any CPU.Build.0 = Release|Any CPU
		{50D1B25D-44E1-457C-8908-4DE460E2D5B4}.Debug|Any CPU.ActiveCfg = Debug|Any CPU
		{50D1B25D-44E1-457C-8908-4DE460E2D5B4}.Debug|Any CPU.Build.0 = Debug|Any CPU
		{50D1B25D-44E1-457C-8908-4DE460E2D5B4}.Release|Any CPU.ActiveCfg = Release|Any CPU
		{50D1B25D-44E1-457C-8908-4DE460E2D5B4}.Release|Any CPU.Build.0 = Release|Any CPU
		{719A006E-766C-4009-8B85-57EDCD552F50}.Debug|Any CPU.ActiveCfg = Debug|Any CPU
		{719A006E-766C-4009-8B85-57EDCD552F50}.Debug|Any CPU.Build.0 = Debug|Any CPU
		{719A006E-766C-4009-8B85-57EDCD552F50}.Release|Any CPU.ActiveCfg = Release|Any CPU
		{719A006E-766C-4009-8B85-57EDCD552F50}.Release|Any CPU.Build.0 = Release|Any CPU
		{864B226C-4EA5-4B1F-B94D-796317D3524D}.Debug|Any CPU.ActiveCfg = Debug|Any CPU
		{864B226C-4EA5-4B1F-B94D-796317D3524D}.Debug|Any CPU.Build.0 = Debug|Any CPU
		{864B226C-4EA5-4B1F-B94D-796317D3524D}.Release|Any CPU.ActiveCfg = Release|Any CPU
		{864B226C-4EA5-4B1F-B94D-796317D3524D}.Release|Any CPU.Build.0 = Release|Any CPU
		{0A0036B4-571E-442C-A204-33F8E30730EC}.Debug|Any CPU.ActiveCfg = Debug|Any CPU
		{0A0036B4-571E-442C-A204-33F8E30730EC}.Debug|Any CPU.Build.0 = Debug|Any CPU
		{0A0036B4-571E-442C-A204-33F8E30730EC}.Release|Any CPU.ActiveCfg = Release|Any CPU
		{0A0036B4-571E-442C-A204-33F8E30730EC}.Release|Any CPU.Build.0 = Release|Any CPU
		{2D2DB92C-58E0-4001-B5A6-C6A447B4F4F1}.Debug|Any CPU.ActiveCfg = Debug|Any CPU
		{2D2DB92C-58E0-4001-B5A6-C6A447B4F4F1}.Debug|Any CPU.Build.0 = Debug|Any CPU
		{2D2DB92C-58E0-4001-B5A6-C6A447B4F4F1}.Release|Any CPU.ActiveCfg = Release|Any CPU
		{2D2DB92C-58E0-4001-B5A6-C6A447B4F4F1}.Release|Any CPU.Build.0 = Release|Any CPU
		{29D76999-00C5-48BF-BFF0-2124228C239B}.Debug|Any CPU.ActiveCfg = Debug|Any CPU
		{29D76999-00C5-48BF-BFF0-2124228C239B}.Debug|Any CPU.Build.0 = Debug|Any CPU
		{29D76999-00C5-48BF-BFF0-2124228C239B}.Release|Any CPU.ActiveCfg = Release|Any CPU
		{29D76999-00C5-48BF-BFF0-2124228C239B}.Release|Any CPU.Build.0 = Release|Any CPU
		{D515E951-A37E-40BC-93B9-409F6F7D8799}.Debug|Any CPU.ActiveCfg = Debug|Any CPU
		{D515E951-A37E-40BC-93B9-409F6F7D8799}.Debug|Any CPU.Build.0 = Debug|Any CPU
		{D515E951-A37E-40BC-93B9-409F6F7D8799}.Release|Any CPU.ActiveCfg = Release|Any CPU
		{D515E951-A37E-40BC-93B9-409F6F7D8799}.Release|Any CPU.Build.0 = Release|Any CPU
		{087942DD-E4C1-452F-BE4A-FD956EF8196A}.Debug|Any CPU.ActiveCfg = Debug|Any CPU
		{087942DD-E4C1-452F-BE4A-FD956EF8196A}.Debug|Any CPU.Build.0 = Debug|Any CPU
		{087942DD-E4C1-452F-BE4A-FD956EF8196A}.Release|Any CPU.ActiveCfg = Release|Any CPU
		{087942DD-E4C1-452F-BE4A-FD956EF8196A}.Release|Any CPU.Build.0 = Release|Any CPU
		{E20D472F-0B58-4229-A09F-400794620872}.Debug|Any CPU.ActiveCfg = Debug|Any CPU
		{E20D472F-0B58-4229-A09F-400794620872}.Debug|Any CPU.Build.0 = Debug|Any CPU
		{E20D472F-0B58-4229-A09F-400794620872}.Release|Any CPU.ActiveCfg = Release|Any CPU
		{E20D472F-0B58-4229-A09F-400794620872}.Release|Any CPU.Build.0 = Release|Any CPU
		{E2CA9FA3-C856-4720-9394-296D174B5574}.Debug|Any CPU.ActiveCfg = Debug|Any CPU
		{E2CA9FA3-C856-4720-9394-296D174B5574}.Debug|Any CPU.Build.0 = Debug|Any CPU
		{E2CA9FA3-C856-4720-9394-296D174B5574}.Release|Any CPU.ActiveCfg = Release|Any CPU
		{E2CA9FA3-C856-4720-9394-296D174B5574}.Release|Any CPU.Build.0 = Release|Any CPU
		{E6B1FAB5-746A-46D9-9291-1677EB95A191}.Debug|Any CPU.ActiveCfg = Debug|Any CPU
		{E6B1FAB5-746A-46D9-9291-1677EB95A191}.Debug|Any CPU.Build.0 = Debug|Any CPU
		{E6B1FAB5-746A-46D9-9291-1677EB95A191}.Release|Any CPU.ActiveCfg = Release|Any CPU
		{E6B1FAB5-746A-46D9-9291-1677EB95A191}.Release|Any CPU.Build.0 = Release|Any CPU
		{21B042B9-4EDC-4582-9635-BB7B273973D2}.Debug|Any CPU.ActiveCfg = Debug|Any CPU
		{21B042B9-4EDC-4582-9635-BB7B273973D2}.Debug|Any CPU.Build.0 = Debug|Any CPU
		{21B042B9-4EDC-4582-9635-BB7B273973D2}.Release|Any CPU.ActiveCfg = Release|Any CPU
		{21B042B9-4EDC-4582-9635-BB7B273973D2}.Release|Any CPU.Build.0 = Release|Any CPU
		{172953C9-524B-42FF-9600-072DA51F6214}.Debug|Any CPU.ActiveCfg = Debug|Any CPU
		{172953C9-524B-42FF-9600-072DA51F6214}.Debug|Any CPU.Build.0 = Debug|Any CPU
		{172953C9-524B-42FF-9600-072DA51F6214}.Release|Any CPU.ActiveCfg = Release|Any CPU
		{172953C9-524B-42FF-9600-072DA51F6214}.Release|Any CPU.Build.0 = Release|Any CPU
		{19A202BE-B0C9-4ADA-ADA2-836CBD379892}.Debug|Any CPU.ActiveCfg = Debug|Any CPU
		{19A202BE-B0C9-4ADA-ADA2-836CBD379892}.Debug|Any CPU.Build.0 = Debug|Any CPU
		{19A202BE-B0C9-4ADA-ADA2-836CBD379892}.Release|Any CPU.ActiveCfg = Release|Any CPU
		{19A202BE-B0C9-4ADA-ADA2-836CBD379892}.Release|Any CPU.Build.0 = Release|Any CPU
		{D8523F7E-9369-4A77-A361-F7DA03AE4CA5}.Debug|Any CPU.ActiveCfg = Debug|Any CPU
		{D8523F7E-9369-4A77-A361-F7DA03AE4CA5}.Debug|Any CPU.Build.0 = Debug|Any CPU
		{D8523F7E-9369-4A77-A361-F7DA03AE4CA5}.Release|Any CPU.ActiveCfg = Release|Any CPU
		{D8523F7E-9369-4A77-A361-F7DA03AE4CA5}.Release|Any CPU.Build.0 = Release|Any CPU
		{09A745C3-7293-45D9-9759-E2D519E2198E}.Debug|Any CPU.ActiveCfg = Debug|Any CPU
		{09A745C3-7293-45D9-9759-E2D519E2198E}.Debug|Any CPU.Build.0 = Debug|Any CPU
		{09A745C3-7293-45D9-9759-E2D519E2198E}.Release|Any CPU.ActiveCfg = Release|Any CPU
		{09A745C3-7293-45D9-9759-E2D519E2198E}.Release|Any CPU.Build.0 = Release|Any CPU
		{C1940B77-072A-478C-A23C-670DAC9D17D4}.Debug|Any CPU.ActiveCfg = Debug|Any CPU
		{C1940B77-072A-478C-A23C-670DAC9D17D4}.Debug|Any CPU.Build.0 = Debug|Any CPU
		{C1940B77-072A-478C-A23C-670DAC9D17D4}.Release|Any CPU.ActiveCfg = Release|Any CPU
		{C1940B77-072A-478C-A23C-670DAC9D17D4}.Release|Any CPU.Build.0 = Release|Any CPU
		{B67D248F-2A2D-4EAE-B5CC-AB672F785511}.Debug|Any CPU.ActiveCfg = Debug|Any CPU
		{B67D248F-2A2D-4EAE-B5CC-AB672F785511}.Debug|Any CPU.Build.0 = Debug|Any CPU
		{B67D248F-2A2D-4EAE-B5CC-AB672F785511}.Release|Any CPU.ActiveCfg = Release|Any CPU
		{B67D248F-2A2D-4EAE-B5CC-AB672F785511}.Release|Any CPU.Build.0 = Release|Any CPU
		{91365359-891D-49EF-BABD-72249B1A7C90}.Debug|Any CPU.ActiveCfg = Debug|Any CPU
		{91365359-891D-49EF-BABD-72249B1A7C90}.Debug|Any CPU.Build.0 = Debug|Any CPU
		{91365359-891D-49EF-BABD-72249B1A7C90}.Release|Any CPU.ActiveCfg = Release|Any CPU
		{91365359-891D-49EF-BABD-72249B1A7C90}.Release|Any CPU.Build.0 = Release|Any CPU
		{45477FF7-18FC-4A2C-8462-2D597135CDEE}.Debug|Any CPU.ActiveCfg = Debug|Any CPU
		{45477FF7-18FC-4A2C-8462-2D597135CDEE}.Debug|Any CPU.Build.0 = Debug|Any CPU
		{45477FF7-18FC-4A2C-8462-2D597135CDEE}.Release|Any CPU.ActiveCfg = Release|Any CPU
		{45477FF7-18FC-4A2C-8462-2D597135CDEE}.Release|Any CPU.Build.0 = Release|Any CPU
		{ACC5F1EB-5F50-4D38-9A77-0B6D5EA46F8F}.Debug|Any CPU.ActiveCfg = Debug|Any CPU
		{ACC5F1EB-5F50-4D38-9A77-0B6D5EA46F8F}.Debug|Any CPU.Build.0 = Debug|Any CPU
		{ACC5F1EB-5F50-4D38-9A77-0B6D5EA46F8F}.Release|Any CPU.ActiveCfg = Release|Any CPU
		{ACC5F1EB-5F50-4D38-9A77-0B6D5EA46F8F}.Release|Any CPU.Build.0 = Release|Any CPU
		{299931CA-22AC-47B2-ABF9-1CA01899D9BF}.Debug|Any CPU.ActiveCfg = Debug|Any CPU
		{299931CA-22AC-47B2-ABF9-1CA01899D9BF}.Debug|Any CPU.Build.0 = Debug|Any CPU
		{299931CA-22AC-47B2-ABF9-1CA01899D9BF}.Release|Any CPU.ActiveCfg = Release|Any CPU
		{299931CA-22AC-47B2-ABF9-1CA01899D9BF}.Release|Any CPU.Build.0 = Release|Any CPU
		{E3B007D7-1897-48E0-9D2B-D2B71112F7F2}.Debug|Any CPU.ActiveCfg = Debug|Any CPU
		{E3B007D7-1897-48E0-9D2B-D2B71112F7F2}.Debug|Any CPU.Build.0 = Debug|Any CPU
		{E3B007D7-1897-48E0-9D2B-D2B71112F7F2}.Release|Any CPU.ActiveCfg = Release|Any CPU
		{E3B007D7-1897-48E0-9D2B-D2B71112F7F2}.Release|Any CPU.Build.0 = Release|Any CPU
		{AD5DFE53-49F2-4B19-974E-1A9C329C8909}.Debug|Any CPU.ActiveCfg = Debug|Any CPU
		{AD5DFE53-49F2-4B19-974E-1A9C329C8909}.Debug|Any CPU.Build.0 = Debug|Any CPU
		{AD5DFE53-49F2-4B19-974E-1A9C329C8909}.Release|Any CPU.ActiveCfg = Release|Any CPU
		{AD5DFE53-49F2-4B19-974E-1A9C329C8909}.Release|Any CPU.Build.0 = Release|Any CPU
		{D1E2612F-B32B-4576-8AC1-E9790161B68C}.Debug|Any CPU.ActiveCfg = Debug|Any CPU
		{D1E2612F-B32B-4576-8AC1-E9790161B68C}.Debug|Any CPU.Build.0 = Debug|Any CPU
		{D1E2612F-B32B-4576-8AC1-E9790161B68C}.Release|Any CPU.ActiveCfg = Release|Any CPU
		{D1E2612F-B32B-4576-8AC1-E9790161B68C}.Release|Any CPU.Build.0 = Release|Any CPU
		{8DFB7A82-595D-468E-9352-DBB2828C6F24}.Debug|Any CPU.ActiveCfg = Debug|Any CPU
		{8DFB7A82-595D-468E-9352-DBB2828C6F24}.Debug|Any CPU.Build.0 = Debug|Any CPU
		{8DFB7A82-595D-468E-9352-DBB2828C6F24}.Release|Any CPU.ActiveCfg = Release|Any CPU
		{8DFB7A82-595D-468E-9352-DBB2828C6F24}.Release|Any CPU.Build.0 = Release|Any CPU
		{38DA744F-18C4-45E9-A1E6-F91373F86285}.Debug|Any CPU.ActiveCfg = Debug|Any CPU
		{38DA744F-18C4-45E9-A1E6-F91373F86285}.Debug|Any CPU.Build.0 = Debug|Any CPU
		{38DA744F-18C4-45E9-A1E6-F91373F86285}.Release|Any CPU.ActiveCfg = Release|Any CPU
		{38DA744F-18C4-45E9-A1E6-F91373F86285}.Release|Any CPU.Build.0 = Release|Any CPU
		{A8E93331-C122-4E9E-B9F3-0F4C1D7FE1B8}.Debug|Any CPU.ActiveCfg = Debug|Any CPU
		{A8E93331-C122-4E9E-B9F3-0F4C1D7FE1B8}.Debug|Any CPU.Build.0 = Debug|Any CPU
		{A8E93331-C122-4E9E-B9F3-0F4C1D7FE1B8}.Release|Any CPU.ActiveCfg = Release|Any CPU
		{A8E93331-C122-4E9E-B9F3-0F4C1D7FE1B8}.Release|Any CPU.Build.0 = Release|Any CPU
		{5E49D934-E561-4F34-86B6-876E3DA3D425}.Debug|Any CPU.ActiveCfg = Debug|Any CPU
		{5E49D934-E561-4F34-86B6-876E3DA3D425}.Debug|Any CPU.Build.0 = Debug|Any CPU
		{5E49D934-E561-4F34-86B6-876E3DA3D425}.Release|Any CPU.ActiveCfg = Release|Any CPU
		{5E49D934-E561-4F34-86B6-876E3DA3D425}.Release|Any CPU.Build.0 = Release|Any CPU
		{C9FA6CB2-A8D0-4E1C-A236-68C1E887623C}.Debug|Any CPU.ActiveCfg = Debug|Any CPU
		{C9FA6CB2-A8D0-4E1C-A236-68C1E887623C}.Debug|Any CPU.Build.0 = Debug|Any CPU
		{C9FA6CB2-A8D0-4E1C-A236-68C1E887623C}.Release|Any CPU.ActiveCfg = Release|Any CPU
		{C9FA6CB2-A8D0-4E1C-A236-68C1E887623C}.Release|Any CPU.Build.0 = Release|Any CPU
		{0EE4448D-BF83-4E8B-A1E0-A2AECBB550D6}.Debug|Any CPU.ActiveCfg = Debug|Any CPU
		{0EE4448D-BF83-4E8B-A1E0-A2AECBB550D6}.Debug|Any CPU.Build.0 = Debug|Any CPU
		{0EE4448D-BF83-4E8B-A1E0-A2AECBB550D6}.Release|Any CPU.ActiveCfg = Release|Any CPU
		{0EE4448D-BF83-4E8B-A1E0-A2AECBB550D6}.Release|Any CPU.Build.0 = Release|Any CPU
		{2FEA7F30-3996-47F9-8F58-AC39D27C8B5D}.Debug|Any CPU.ActiveCfg = Debug|Any CPU
		{2FEA7F30-3996-47F9-8F58-AC39D27C8B5D}.Debug|Any CPU.Build.0 = Debug|Any CPU
		{2FEA7F30-3996-47F9-8F58-AC39D27C8B5D}.Release|Any CPU.ActiveCfg = Release|Any CPU
		{2FEA7F30-3996-47F9-8F58-AC39D27C8B5D}.Release|Any CPU.Build.0 = Release|Any CPU
		{CCCE903B-07F0-416D-A008-6845DC722E38}.Debug|Any CPU.ActiveCfg = Debug|Any CPU
		{CCCE903B-07F0-416D-A008-6845DC722E38}.Debug|Any CPU.Build.0 = Debug|Any CPU
		{CCCE903B-07F0-416D-A008-6845DC722E38}.Release|Any CPU.ActiveCfg = Release|Any CPU
		{CCCE903B-07F0-416D-A008-6845DC722E38}.Release|Any CPU.Build.0 = Release|Any CPU
		{50B2F83F-56B3-41F6-8DF9-C000FF68069F}.Debug|Any CPU.ActiveCfg = Debug|Any CPU
		{50B2F83F-56B3-41F6-8DF9-C000FF68069F}.Debug|Any CPU.Build.0 = Debug|Any CPU
		{50B2F83F-56B3-41F6-8DF9-C000FF68069F}.Release|Any CPU.ActiveCfg = Release|Any CPU
		{50B2F83F-56B3-41F6-8DF9-C000FF68069F}.Release|Any CPU.Build.0 = Release|Any CPU
		{8C721370-16FB-4B60-8103-82DF030E84CC}.Debug|Any CPU.ActiveCfg = Debug|Any CPU
		{8C721370-16FB-4B60-8103-82DF030E84CC}.Debug|Any CPU.Build.0 = Debug|Any CPU
		{8C721370-16FB-4B60-8103-82DF030E84CC}.Release|Any CPU.ActiveCfg = Release|Any CPU
		{8C721370-16FB-4B60-8103-82DF030E84CC}.Release|Any CPU.Build.0 = Release|Any CPU
		{9A9491AE-F0E2-4AC0-8F64-245245FF9341}.Debug|Any CPU.ActiveCfg = Debug|Any CPU
		{9A9491AE-F0E2-4AC0-8F64-245245FF9341}.Debug|Any CPU.Build.0 = Debug|Any CPU
		{9A9491AE-F0E2-4AC0-8F64-245245FF9341}.Release|Any CPU.ActiveCfg = Release|Any CPU
		{9A9491AE-F0E2-4AC0-8F64-245245FF9341}.Release|Any CPU.Build.0 = Release|Any CPU
		{A3DF63C3-2E01-4DA1-B3EB-71DF261D512D}.Debug|Any CPU.ActiveCfg = Debug|Any CPU
		{A3DF63C3-2E01-4DA1-B3EB-71DF261D512D}.Debug|Any CPU.Build.0 = Debug|Any CPU
		{A3DF63C3-2E01-4DA1-B3EB-71DF261D512D}.Release|Any CPU.ActiveCfg = Release|Any CPU
		{A3DF63C3-2E01-4DA1-B3EB-71DF261D512D}.Release|Any CPU.Build.0 = Release|Any CPU
		{753BFADD-407B-4566-8E2F-BE2BA978EC58}.Debug|Any CPU.ActiveCfg = Debug|Any CPU
		{753BFADD-407B-4566-8E2F-BE2BA978EC58}.Debug|Any CPU.Build.0 = Debug|Any CPU
		{753BFADD-407B-4566-8E2F-BE2BA978EC58}.Release|Any CPU.ActiveCfg = Release|Any CPU
		{753BFADD-407B-4566-8E2F-BE2BA978EC58}.Release|Any CPU.Build.0 = Release|Any CPU
<<<<<<< HEAD
		{31CBC45D-391E-433F-A7BD-0C7268EB8D66}.Debug|Any CPU.ActiveCfg = Debug|Any CPU
		{31CBC45D-391E-433F-A7BD-0C7268EB8D66}.Debug|Any CPU.Build.0 = Debug|Any CPU
		{31CBC45D-391E-433F-A7BD-0C7268EB8D66}.Release|Any CPU.ActiveCfg = Release|Any CPU
		{31CBC45D-391E-433F-A7BD-0C7268EB8D66}.Release|Any CPU.Build.0 = Release|Any CPU
		{B83C5D4B-32A6-4DF9-936A-40ED975AAE9A}.Debug|Any CPU.ActiveCfg = Debug|Any CPU
		{B83C5D4B-32A6-4DF9-936A-40ED975AAE9A}.Debug|Any CPU.Build.0 = Debug|Any CPU
		{B83C5D4B-32A6-4DF9-936A-40ED975AAE9A}.Release|Any CPU.ActiveCfg = Release|Any CPU
		{B83C5D4B-32A6-4DF9-936A-40ED975AAE9A}.Release|Any CPU.Build.0 = Release|Any CPU
		{FA415184-2B15-4859-8F57-ACAEF07ED9A9}.Debug|Any CPU.ActiveCfg = Debug|Any CPU
		{FA415184-2B15-4859-8F57-ACAEF07ED9A9}.Debug|Any CPU.Build.0 = Debug|Any CPU
		{FA415184-2B15-4859-8F57-ACAEF07ED9A9}.Release|Any CPU.ActiveCfg = Release|Any CPU
		{FA415184-2B15-4859-8F57-ACAEF07ED9A9}.Release|Any CPU.Build.0 = Release|Any CPU
		{0AF9D7D8-9B60-481E-9CC4-B12EE2EF453F}.Debug|Any CPU.ActiveCfg = Debug|Any CPU
		{0AF9D7D8-9B60-481E-9CC4-B12EE2EF453F}.Debug|Any CPU.Build.0 = Debug|Any CPU
		{0AF9D7D8-9B60-481E-9CC4-B12EE2EF453F}.Release|Any CPU.ActiveCfg = Release|Any CPU
		{0AF9D7D8-9B60-481E-9CC4-B12EE2EF453F}.Release|Any CPU.Build.0 = Release|Any CPU
		{68F7579F-B03F-483A-967A-14F8B15C66AB}.Debug|Any CPU.ActiveCfg = Debug|Any CPU
		{68F7579F-B03F-483A-967A-14F8B15C66AB}.Debug|Any CPU.Build.0 = Debug|Any CPU
		{68F7579F-B03F-483A-967A-14F8B15C66AB}.Release|Any CPU.ActiveCfg = Release|Any CPU
		{68F7579F-B03F-483A-967A-14F8B15C66AB}.Release|Any CPU.Build.0 = Release|Any CPU
		{794F47BC-75EC-469A-A0E1-6F35A5C07153}.Debug|Any CPU.ActiveCfg = Debug|Any CPU
		{794F47BC-75EC-469A-A0E1-6F35A5C07153}.Debug|Any CPU.Build.0 = Debug|Any CPU
		{794F47BC-75EC-469A-A0E1-6F35A5C07153}.Release|Any CPU.ActiveCfg = Release|Any CPU
		{794F47BC-75EC-469A-A0E1-6F35A5C07153}.Release|Any CPU.Build.0 = Release|Any CPU
=======
		{14692B2B-B3DC-4680-AE1B-DABF75A02BE7}.Debug|Any CPU.ActiveCfg = Debug|Any CPU
		{14692B2B-B3DC-4680-AE1B-DABF75A02BE7}.Debug|Any CPU.Build.0 = Debug|Any CPU
		{14692B2B-B3DC-4680-AE1B-DABF75A02BE7}.Release|Any CPU.ActiveCfg = Release|Any CPU
		{14692B2B-B3DC-4680-AE1B-DABF75A02BE7}.Release|Any CPU.Build.0 = Release|Any CPU
		{115E1AEB-5932-4D19-8702-A5910135AC32}.Debug|Any CPU.ActiveCfg = Debug|Any CPU
		{115E1AEB-5932-4D19-8702-A5910135AC32}.Debug|Any CPU.Build.0 = Debug|Any CPU
		{115E1AEB-5932-4D19-8702-A5910135AC32}.Release|Any CPU.ActiveCfg = Release|Any CPU
		{115E1AEB-5932-4D19-8702-A5910135AC32}.Release|Any CPU.Build.0 = Release|Any CPU
>>>>>>> 2a4154ef7c59f19b966d5c5f72b32400e54bbb72
	EndGlobalSection
	GlobalSection(SolutionProperties) = preSolution
		HideSolutionNode = FALSE
	EndGlobalSection
	GlobalSection(NestedProjects) = preSolution
		{AA74A4BF-6EBE-4F71-8855-FB093F2D5EDE} = {26B706BA-7B83-42DE-A620-08189639DCC5}
		{F32CDF5C-B7E9-4FE8-B812-92D8D465FBEC} = {26B706BA-7B83-42DE-A620-08189639DCC5}
		{5BFEF06C-B154-4E35-B49A-3FC5AE0E8278} = {E3EE0F24-6482-4D3E-BE72-1557C739EB52}
		{99FDF4E1-35C0-4AB8-87EA-5869700D0317} = {E3EE0F24-6482-4D3E-BE72-1557C739EB52}
		{0CFC6A69-59ED-47F0-8408-E7EA9090FCAE} = {E3EE0F24-6482-4D3E-BE72-1557C739EB52}
		{A6649FED-5045-4FA6-A224-6E6D8C4205CE} = {E3EE0F24-6482-4D3E-BE72-1557C739EB52}
		{BD5F25EA-F13A-4B10-9451-7D2D073A1E78} = {E3EE0F24-6482-4D3E-BE72-1557C739EB52}
		{AE1BB5E0-BCFA-41B9-971C-14CD81BE5D90} = {E3EE0F24-6482-4D3E-BE72-1557C739EB52}
		{C19FE3A4-F591-4037-87FA-70BA4FBFA030} = {E3EE0F24-6482-4D3E-BE72-1557C739EB52}
		{11B16CA7-D103-4471-B019-AE3C7204EAA1} = {E3EE0F24-6482-4D3E-BE72-1557C739EB52}
		{F7630904-1837-406E-8568-E057789159B0} = {E3EE0F24-6482-4D3E-BE72-1557C739EB52}
		{3B829E41-DDB6-4CB4-BEF6-74ECF03B1F2F} = {E3EE0F24-6482-4D3E-BE72-1557C739EB52}
		{9FA871F2-6A3D-476C-813D-724788AA88AD} = {E3EE0F24-6482-4D3E-BE72-1557C739EB52}
		{6B24969A-AE20-4DD8-B3FA-AFA8B49A993E} = {E3EE0F24-6482-4D3E-BE72-1557C739EB52}
		{31C67082-E372-41E4-9098-A0120AA0F367} = {E3EE0F24-6482-4D3E-BE72-1557C739EB52}
		{3B7237D1-1D46-4D76-94DE-CA8A4ECD86CE} = {E3EE0F24-6482-4D3E-BE72-1557C739EB52}
		{8E4F3445-785F-4009-B76D-6C48660100D1} = {E3EE0F24-6482-4D3E-BE72-1557C739EB52}
		{258E1414-F938-4E31-BB7F-0E4388BFC924} = {E3EE0F24-6482-4D3E-BE72-1557C739EB52}
		{B39F08B0-F029-4905-B46B-FDE92DAD4C71} = {E3EE0F24-6482-4D3E-BE72-1557C739EB52}
		{95D61D2C-2D0F-4C30-B9F5-AC6967356B23} = {E3EE0F24-6482-4D3E-BE72-1557C739EB52}
		{24CA3E8B-9CD9-4393-94A9-AFED9B895AA4} = {E3EE0F24-6482-4D3E-BE72-1557C739EB52}
		{3ECC0C11-E6CF-440C-BFAA-6D29BC10D6B2} = {E3EE0F24-6482-4D3E-BE72-1557C739EB52}
		{35E3194E-0903-40FA-8AFD-1ED8C56D2CF4} = {E3EE0F24-6482-4D3E-BE72-1557C739EB52}
		{DE736020-02A1-42D1-B56C-2326E2E5F01E} = {E3EE0F24-6482-4D3E-BE72-1557C739EB52}
		{1CF9ACDE-161F-4E5E-BF91-F1A985B557AE} = {E3EE0F24-6482-4D3E-BE72-1557C739EB52}
		{A632DAC3-D48D-42E9-B050-A27BA860C4E6} = {E3EE0F24-6482-4D3E-BE72-1557C739EB52}
		{3BFE0980-9A6A-44D3-A16B-0A7D0DF4A559} = {E3EE0F24-6482-4D3E-BE72-1557C739EB52}
		{F5C720B0-4825-4B1F-B13D-D8FCD4A2B4A0} = {E3EE0F24-6482-4D3E-BE72-1557C739EB52}
		{340EB1E0-12B4-4D85-967B-F8D1497D2A8A} = {E3EE0F24-6482-4D3E-BE72-1557C739EB52}
		{7D87A04C-87A0-4130-98AB-0497DD613775} = {E3EE0F24-6482-4D3E-BE72-1557C739EB52}
		{6FF12230-F096-418B-8AA3-E9E623488744} = {E3EE0F24-6482-4D3E-BE72-1557C739EB52}
		{A3DA9DF9-D0F6-4F8C-A327-9AD2CD73EEB1} = {E3EE0F24-6482-4D3E-BE72-1557C739EB52}
		{64703729-4303-4FDF-AD2C-6ECF6129AB65} = {E3EE0F24-6482-4D3E-BE72-1557C739EB52}
		{E2F29418-DF96-42B2-9212-94A4CDB29BC6} = {E3EE0F24-6482-4D3E-BE72-1557C739EB52}
		{92C6D11B-FC99-4CB9-BA2D-299035612915} = {E3EE0F24-6482-4D3E-BE72-1557C739EB52}
		{0417A32C-C6D3-450D-8BA4-25DFCD177944} = {E3EE0F24-6482-4D3E-BE72-1557C739EB52}
		{FC14BE39-A99D-4F96-95C1-E9C33FBFE939} = {E3EE0F24-6482-4D3E-BE72-1557C739EB52}
		{A661A5BA-D87D-41DF-8D6C-27E43453925C} = {C4BF149F-87B0-4F01-B33E-A9B25DDAF043}
		{9B8919B8-14AC-44C8-8519-8119832D3F62} = {C4BF149F-87B0-4F01-B33E-A9B25DDAF043}
		{9A045881-5E0B-4B70-967B-2E316C479B06} = {C4BF149F-87B0-4F01-B33E-A9B25DDAF043}
		{25B92BF7-BF8D-4973-8D4A-B9D739F07015} = {C4BF149F-87B0-4F01-B33E-A9B25DDAF043}
		{89976033-1C50-4F2B-8E3D-DBF2FF55D19A} = {C4BF149F-87B0-4F01-B33E-A9B25DDAF043}
		{2EB9418E-3EC0-4090-ADA5-87CA691C2E32} = {C4BF149F-87B0-4F01-B33E-A9B25DDAF043}
		{A1964719-7AF0-4269-9BC0-C85535552185} = {C4BF149F-87B0-4F01-B33E-A9B25DDAF043}
		{8C094EDB-2700-4BA1-A433-68955BD29427} = {C4BF149F-87B0-4F01-B33E-A9B25DDAF043}
		{0B70F310-4D4D-4559-8CF0-9DCC9E4E9054} = {C4BF149F-87B0-4F01-B33E-A9B25DDAF043}
		{8BDF9A1A-FEE8-47F0-B2A2-F8EB7A63CBB0} = {C4BF149F-87B0-4F01-B33E-A9B25DDAF043}
		{C20B7448-475B-40C3-ADF0-BAA6B0FA0FA1} = {C4BF149F-87B0-4F01-B33E-A9B25DDAF043}
		{D4DE5B90-581E-4F5B-B2F1-EC5E11C37883} = {A4069C6A-D80A-4E24-9B04-C77DADF3DA23}
		{8B163ECA-8C9F-4FCE-A11C-B8CFDE0F1A14} = {A4069C6A-D80A-4E24-9B04-C77DADF3DA23}
		{0989932D-0A46-4A22-B466-1D57A56F35AE} = {A4069C6A-D80A-4E24-9B04-C77DADF3DA23}
		{DB0FED07-D483-4360-9E04-F8DDAB3738A9} = {A4069C6A-D80A-4E24-9B04-C77DADF3DA23}
		{BF0B4FE7-804F-425D-8421-DC3598E56D64} = {A4069C6A-D80A-4E24-9B04-C77DADF3DA23}
		{0547D3D7-871B-42FB-93AF-49F9E18D6FB7} = {A4069C6A-D80A-4E24-9B04-C77DADF3DA23}
		{1B07E6C4-EDC5-4543-813C-41554C36371E} = {A4069C6A-D80A-4E24-9B04-C77DADF3DA23}
		{E428F36E-FC02-47D9-AD29-B0B0791720D9} = {A4069C6A-D80A-4E24-9B04-C77DADF3DA23}
		{924D478C-AA6E-4D23-9A40-A5F64ABE2CB7} = {A4069C6A-D80A-4E24-9B04-C77DADF3DA23}
		{C7DEA12C-84CE-48CB-A4E5-BDAC1B95B81F} = {A4069C6A-D80A-4E24-9B04-C77DADF3DA23}
		{50D1B25D-44E1-457C-8908-4DE460E2D5B4} = {A4069C6A-D80A-4E24-9B04-C77DADF3DA23}
		{719A006E-766C-4009-8B85-57EDCD552F50} = {A4069C6A-D80A-4E24-9B04-C77DADF3DA23}
		{864B226C-4EA5-4B1F-B94D-796317D3524D} = {A4069C6A-D80A-4E24-9B04-C77DADF3DA23}
		{0A0036B4-571E-442C-A204-33F8E30730EC} = {A4069C6A-D80A-4E24-9B04-C77DADF3DA23}
		{2D2DB92C-58E0-4001-B5A6-C6A447B4F4F1} = {2E9E9C37-04FD-4C1E-AEAE-82AEF04F059B}
		{29D76999-00C5-48BF-BFF0-2124228C239B} = {2E9E9C37-04FD-4C1E-AEAE-82AEF04F059B}
		{D515E951-A37E-40BC-93B9-409F6F7D8799} = {2E9E9C37-04FD-4C1E-AEAE-82AEF04F059B}
		{087942DD-E4C1-452F-BE4A-FD956EF8196A} = {2E9E9C37-04FD-4C1E-AEAE-82AEF04F059B}
		{E20D472F-0B58-4229-A09F-400794620872} = {2E9E9C37-04FD-4C1E-AEAE-82AEF04F059B}
		{E2CA9FA3-C856-4720-9394-296D174B5574} = {2E9E9C37-04FD-4C1E-AEAE-82AEF04F059B}
		{E6B1FAB5-746A-46D9-9291-1677EB95A191} = {2E9E9C37-04FD-4C1E-AEAE-82AEF04F059B}
		{21B042B9-4EDC-4582-9635-BB7B273973D2} = {2E9E9C37-04FD-4C1E-AEAE-82AEF04F059B}
		{172953C9-524B-42FF-9600-072DA51F6214} = {2E9E9C37-04FD-4C1E-AEAE-82AEF04F059B}
		{19A202BE-B0C9-4ADA-ADA2-836CBD379892} = {2E9E9C37-04FD-4C1E-AEAE-82AEF04F059B}
		{D8523F7E-9369-4A77-A361-F7DA03AE4CA5} = {2E9E9C37-04FD-4C1E-AEAE-82AEF04F059B}
		{09A745C3-7293-45D9-9759-E2D519E2198E} = {2E9E9C37-04FD-4C1E-AEAE-82AEF04F059B}
		{C1940B77-072A-478C-A23C-670DAC9D17D4} = {2E9E9C37-04FD-4C1E-AEAE-82AEF04F059B}
		{B67D248F-2A2D-4EAE-B5CC-AB672F785511} = {2E9E9C37-04FD-4C1E-AEAE-82AEF04F059B}
		{91365359-891D-49EF-BABD-72249B1A7C90} = {0E5F44C7-7F53-4ACC-8EEE-0D9A0F6B2983}
		{45477FF7-18FC-4A2C-8462-2D597135CDEE} = {0E5F44C7-7F53-4ACC-8EEE-0D9A0F6B2983}
		{ACC5F1EB-5F50-4D38-9A77-0B6D5EA46F8F} = {0E5F44C7-7F53-4ACC-8EEE-0D9A0F6B2983}
		{299931CA-22AC-47B2-ABF9-1CA01899D9BF} = {0E5F44C7-7F53-4ACC-8EEE-0D9A0F6B2983}
		{E3B007D7-1897-48E0-9D2B-D2B71112F7F2} = {0E5F44C7-7F53-4ACC-8EEE-0D9A0F6B2983}
		{AD5DFE53-49F2-4B19-974E-1A9C329C8909} = {0E5F44C7-7F53-4ACC-8EEE-0D9A0F6B2983}
		{D1E2612F-B32B-4576-8AC1-E9790161B68C} = {0E5F44C7-7F53-4ACC-8EEE-0D9A0F6B2983}
		{8DFB7A82-595D-468E-9352-DBB2828C6F24} = {0E5F44C7-7F53-4ACC-8EEE-0D9A0F6B2983}
		{38DA744F-18C4-45E9-A1E6-F91373F86285} = {0E5F44C7-7F53-4ACC-8EEE-0D9A0F6B2983}
		{A8E93331-C122-4E9E-B9F3-0F4C1D7FE1B8} = {0E5F44C7-7F53-4ACC-8EEE-0D9A0F6B2983}
		{5E49D934-E561-4F34-86B6-876E3DA3D425} = {0E5F44C7-7F53-4ACC-8EEE-0D9A0F6B2983}
		{C9FA6CB2-A8D0-4E1C-A236-68C1E887623C} = {0E5F44C7-7F53-4ACC-8EEE-0D9A0F6B2983}
		{0EE4448D-BF83-4E8B-A1E0-A2AECBB550D6} = {0E5F44C7-7F53-4ACC-8EEE-0D9A0F6B2983}
		{2FEA7F30-3996-47F9-8F58-AC39D27C8B5D} = {0E5F44C7-7F53-4ACC-8EEE-0D9A0F6B2983}
		{CCCE903B-07F0-416D-A008-6845DC722E38} = {0E5F44C7-7F53-4ACC-8EEE-0D9A0F6B2983}
		{50B2F83F-56B3-41F6-8DF9-C000FF68069F} = {0E5F44C7-7F53-4ACC-8EEE-0D9A0F6B2983}
		{8C721370-16FB-4B60-8103-82DF030E84CC} = {0E5F44C7-7F53-4ACC-8EEE-0D9A0F6B2983}
		{9A9491AE-F0E2-4AC0-8F64-245245FF9341} = {0E5F44C7-7F53-4ACC-8EEE-0D9A0F6B2983}
		{A3DF63C3-2E01-4DA1-B3EB-71DF261D512D} = {0E5F44C7-7F53-4ACC-8EEE-0D9A0F6B2983}
		{753BFADD-407B-4566-8E2F-BE2BA978EC58} = {0E5F44C7-7F53-4ACC-8EEE-0D9A0F6B2983}
<<<<<<< HEAD
		{31CBC45D-391E-433F-A7BD-0C7268EB8D66} = {0CB78B2F-8AE0-4132-BCCA-F75D9107C22A}
		{B83C5D4B-32A6-4DF9-936A-40ED975AAE9A} = {0CB78B2F-8AE0-4132-BCCA-F75D9107C22A}
		{FA415184-2B15-4859-8F57-ACAEF07ED9A9} = {0CB78B2F-8AE0-4132-BCCA-F75D9107C22A}
		{0AF9D7D8-9B60-481E-9CC4-B12EE2EF453F} = {0CB78B2F-8AE0-4132-BCCA-F75D9107C22A}
		{68F7579F-B03F-483A-967A-14F8B15C66AB} = {0CB78B2F-8AE0-4132-BCCA-F75D9107C22A}
		{794F47BC-75EC-469A-A0E1-6F35A5C07153} = {38891FA6-5D8A-4284-BDEC-CF1C553BFB41}
=======
		{14692B2B-B3DC-4680-AE1B-DABF75A02BE7} = {0E5F44C7-7F53-4ACC-8EEE-0D9A0F6B2983}
		{115E1AEB-5932-4D19-8702-A5910135AC32} = {0E5F44C7-7F53-4ACC-8EEE-0D9A0F6B2983}
>>>>>>> 2a4154ef7c59f19b966d5c5f72b32400e54bbb72
	EndGlobalSection
	GlobalSection(ExtensibilityGlobals) = postSolution
		SolutionGuid = {7F86A8E1-D5D3-49C9-A00F-05F44C495506}
	EndGlobalSection
EndGlobal
